// !$*UTF8*$!
{
	archiveVersion = 1;
	classes = {
	};
	objectVersion = 50;
	objects = {

/* Begin PBXBuildFile section */
		3C00BA216D4291AB94336FEA /* Pods_CommonplaceBookAppTests.framework in Frameworks */ = {isa = PBXBuildFile; fileRef = C2519F393D974710775AF26A /* Pods_CommonplaceBookAppTests.framework */; };
		BE050A647575E8F075868DF1 /* Pods_CommonplaceBookApp.framework in Frameworks */ = {isa = PBXBuildFile; fileRef = A8D2C034B73F8605B9C553FE /* Pods_CommonplaceBookApp.framework */; };
		D31FA12520ED845A00224FCD /* LibreFranklin-ExtraLight.otf in Resources */ = {isa = PBXBuildFile; fileRef = D31FA12420ED845A00224FCD /* LibreFranklin-ExtraLight.otf */; };
		D34D875720ED0A7C0043F755 /* Stylesheet.swift in Sources */ = {isa = PBXBuildFile; fileRef = D34D875620ED0A7C0043F755 /* Stylesheet.swift */; };
		D34D875920ED0B6A0043F755 /* UIColor+DSL.swift in Sources */ = {isa = PBXBuildFile; fileRef = D34D875820ED0B6A0043F755 /* UIColor+DSL.swift */; };
		D375D33C20ED9BEC00EAB4F0 /* DocumentListViewController.swift in Sources */ = {isa = PBXBuildFile; fileRef = D375D33B20ED9BEC00EAB4F0 /* DocumentListViewController.swift */; };
		D375D33E20EDA08F00EAB4F0 /* DocumentCollectionViewCell.swift in Sources */ = {isa = PBXBuildFile; fileRef = D375D33D20EDA08F00EAB4F0 /* DocumentCollectionViewCell.swift */; };
		D375D34320EDD07700EAB4F0 /* ArrayDataSource.swift in Sources */ = {isa = PBXBuildFile; fileRef = D375D34220EDD07700EAB4F0 /* ArrayDataSource.swift */; };
		D375D34520EDE1B800EAB4F0 /* PlainTextDocument.swift in Sources */ = {isa = PBXBuildFile; fileRef = D375D34420EDE1B800EAB4F0 /* PlainTextDocument.swift */; };
		D3A6EFAD20EE500D00AC428D /* FileMetadata.swift in Sources */ = {isa = PBXBuildFile; fileRef = D3A6EFAC20EE500D00AC428D /* FileMetadata.swift */; };
		D3CA919720ED848E00F6DF13 /* Merriweather-Bold.otf in Resources */ = {isa = PBXBuildFile; fileRef = D3CA919620ED848E00F6DF13 /* Merriweather-Bold.otf */; };
		D3CA919820ED84E300F6DF13 /* Merriweather-Black.otf in Resources */ = {isa = PBXBuildFile; fileRef = D31FA12C20ED847A00224FCD /* Merriweather-Black.otf */; };
		D3CA919920ED84E300F6DF13 /* Merriweather-BlackItalic.otf in Resources */ = {isa = PBXBuildFile; fileRef = D31FA12A20ED847A00224FCD /* Merriweather-BlackItalic.otf */; };
		D3CA919A20ED84E300F6DF13 /* Merriweather-BoldItalic.otf in Resources */ = {isa = PBXBuildFile; fileRef = D31FA12B20ED847A00224FCD /* Merriweather-BoldItalic.otf */; };
		D3CA919B20ED84E300F6DF13 /* Merriweather-Italic.otf in Resources */ = {isa = PBXBuildFile; fileRef = D31FA12720ED847A00224FCD /* Merriweather-Italic.otf */; };
		D3CA919C20ED84E300F6DF13 /* Merriweather-Light.otf in Resources */ = {isa = PBXBuildFile; fileRef = D31FA12820ED847A00224FCD /* Merriweather-Light.otf */; };
		D3CA919D20ED84E300F6DF13 /* Merriweather-LightItalic.otf in Resources */ = {isa = PBXBuildFile; fileRef = D31FA12920ED847A00224FCD /* Merriweather-LightItalic.otf */; };
		D3CA919E20ED84E300F6DF13 /* Merriweather-Regular.otf in Resources */ = {isa = PBXBuildFile; fileRef = D31FA12620ED847A00224FCD /* Merriweather-Regular.otf */; };
		D3CA919F20ED84E300F6DF13 /* LibreFranklin-Black.otf in Resources */ = {isa = PBXBuildFile; fileRef = D34D876420ED84330043F755 /* LibreFranklin-Black.otf */; };
		D3CA91A020ED84E300F6DF13 /* LibreFranklin-BlackItalic.otf in Resources */ = {isa = PBXBuildFile; fileRef = D34D876320ED84330043F755 /* LibreFranklin-BlackItalic.otf */; };
		D3CA91A120ED84E300F6DF13 /* LibreFranklin-Bold.otf in Resources */ = {isa = PBXBuildFile; fileRef = D34D876520ED84330043F755 /* LibreFranklin-Bold.otf */; };
		D3CA91A220ED84E300F6DF13 /* LibreFranklin-ExtraBoldItalic.otf in Resources */ = {isa = PBXBuildFile; fileRef = D34D876220ED84330043F755 /* LibreFranklin-ExtraBoldItalic.otf */; };
		D3CA91A320ED84E300F6DF13 /* LibreFranklin-ExtraLightItalic.otf in Resources */ = {isa = PBXBuildFile; fileRef = D34D876020ED84330043F755 /* LibreFranklin-ExtraLightItalic.otf */; };
		D3CA91A420ED84E300F6DF13 /* LibreFranklin-Light.otf in Resources */ = {isa = PBXBuildFile; fileRef = D34D876120ED84330043F755 /* LibreFranklin-Light.otf */; };
		D3CA91A520ED84E300F6DF13 /* LibreFranklin-Medium.otf in Resources */ = {isa = PBXBuildFile; fileRef = D34D875F20ED84330043F755 /* LibreFranklin-Medium.otf */; };
		D3CA91A620ED84E300F6DF13 /* LibreFranklin-MediumItalic.otf in Resources */ = {isa = PBXBuildFile; fileRef = D34D875C20ED84330043F755 /* LibreFranklin-MediumItalic.otf */; };
		D3CA91A720ED84E300F6DF13 /* LibreFranklin-Regular.otf in Resources */ = {isa = PBXBuildFile; fileRef = D34D875D20ED84330043F755 /* LibreFranklin-Regular.otf */; };
		D3CA91A820ED84E300F6DF13 /* LibreFranklin-SemiBold.otf in Resources */ = {isa = PBXBuildFile; fileRef = D34D875E20ED84330043F755 /* LibreFranklin-SemiBold.otf */; };
		D3CA91A920ED84E300F6DF13 /* LibreFranklin-ThinItalic.otf in Resources */ = {isa = PBXBuildFile; fileRef = D34D875B20ED84330043F755 /* LibreFranklin-ThinItalic.otf */; };
		D3DC5EC320EC9B0100F0B74B /* AppDelegate.swift in Sources */ = {isa = PBXBuildFile; fileRef = D3DC5EC220EC9B0100F0B74B /* AppDelegate.swift */; };
		D3DC5ECC20EC9B0200F0B74B /* Assets.xcassets in Resources */ = {isa = PBXBuildFile; fileRef = D3DC5ECB20EC9B0200F0B74B /* Assets.xcassets */; };
		D3DC5ECF20EC9B0200F0B74B /* LaunchScreen.storyboard in Resources */ = {isa = PBXBuildFile; fileRef = D3DC5ECD20EC9B0200F0B74B /* LaunchScreen.storyboard */; };
		D3DC5EDA20EC9B0200F0B74B /* CommonplaceBookAppTests.swift in Sources */ = {isa = PBXBuildFile; fileRef = D3DC5ED920EC9B0200F0B74B /* CommonplaceBookAppTests.swift */; };
		D3DC5EE520EC9F7500F0B74B /* TextEditViewController.swift in Sources */ = {isa = PBXBuildFile; fileRef = D3DC5EE420EC9F7500F0B74B /* TextEditViewController.swift */; };
		D3DC5EE720ECA53900F0B74B /* remember.txt in Resources */ = {isa = PBXBuildFile; fileRef = D3DC5EE620ECA53900F0B74B /* remember.txt */; };
/* End PBXBuildFile section */

/* Begin PBXContainerItemProxy section */
		D3DC5ED620EC9B0200F0B74B /* PBXContainerItemProxy */ = {
			isa = PBXContainerItemProxy;
			containerPortal = D3DC5EB720EC9B0100F0B74B /* Project object */;
			proxyType = 1;
			remoteGlobalIDString = D3DC5EBE20EC9B0100F0B74B;
			remoteInfo = CommonplaceBookApp;
		};
/* End PBXContainerItemProxy section */

/* Begin PBXFileReference section */
		3859AFBAF83CDE4C1D927655 /* Pods-CommonplaceBookAppTests.release.xcconfig */ = {isa = PBXFileReference; includeInIndex = 1; lastKnownFileType = text.xcconfig; name = "Pods-CommonplaceBookAppTests.release.xcconfig"; path = "Pods/Target Support Files/Pods-CommonplaceBookAppTests/Pods-CommonplaceBookAppTests.release.xcconfig"; sourceTree = "<group>"; };
		40E5CAEA0C56356AEC6FF6A6 /* Pods-CommonplaceBookApp.debug.xcconfig */ = {isa = PBXFileReference; includeInIndex = 1; lastKnownFileType = text.xcconfig; name = "Pods-CommonplaceBookApp.debug.xcconfig"; path = "Pods/Target Support Files/Pods-CommonplaceBookApp/Pods-CommonplaceBookApp.debug.xcconfig"; sourceTree = "<group>"; };
		9E64A6ABB8A8D87E6BFEE2DB /* Pods-CommonplaceBookAppTests.debug.xcconfig */ = {isa = PBXFileReference; includeInIndex = 1; lastKnownFileType = text.xcconfig; name = "Pods-CommonplaceBookAppTests.debug.xcconfig"; path = "Pods/Target Support Files/Pods-CommonplaceBookAppTests/Pods-CommonplaceBookAppTests.debug.xcconfig"; sourceTree = "<group>"; };
		A8D2C034B73F8605B9C553FE /* Pods_CommonplaceBookApp.framework */ = {isa = PBXFileReference; explicitFileType = wrapper.framework; includeInIndex = 0; path = Pods_CommonplaceBookApp.framework; sourceTree = BUILT_PRODUCTS_DIR; };
		C2519F393D974710775AF26A /* Pods_CommonplaceBookAppTests.framework */ = {isa = PBXFileReference; explicitFileType = wrapper.framework; includeInIndex = 0; path = Pods_CommonplaceBookAppTests.framework; sourceTree = BUILT_PRODUCTS_DIR; };
		C69D2589A8BFE5C01679833D /* Pods-CommonplaceBookApp.release.xcconfig */ = {isa = PBXFileReference; includeInIndex = 1; lastKnownFileType = text.xcconfig; name = "Pods-CommonplaceBookApp.release.xcconfig"; path = "Pods/Target Support Files/Pods-CommonplaceBookApp/Pods-CommonplaceBookApp.release.xcconfig"; sourceTree = "<group>"; };
		D31FA12420ED845A00224FCD /* LibreFranklin-ExtraLight.otf */ = {isa = PBXFileReference; lastKnownFileType = file; path = "LibreFranklin-ExtraLight.otf"; sourceTree = "<group>"; };
		D31FA12620ED847A00224FCD /* Merriweather-Regular.otf */ = {isa = PBXFileReference; lastKnownFileType = file; path = "Merriweather-Regular.otf"; sourceTree = "<group>"; };
		D31FA12720ED847A00224FCD /* Merriweather-Italic.otf */ = {isa = PBXFileReference; lastKnownFileType = file; path = "Merriweather-Italic.otf"; sourceTree = "<group>"; };
		D31FA12820ED847A00224FCD /* Merriweather-Light.otf */ = {isa = PBXFileReference; lastKnownFileType = file; path = "Merriweather-Light.otf"; sourceTree = "<group>"; };
		D31FA12920ED847A00224FCD /* Merriweather-LightItalic.otf */ = {isa = PBXFileReference; lastKnownFileType = file; path = "Merriweather-LightItalic.otf"; sourceTree = "<group>"; };
		D31FA12A20ED847A00224FCD /* Merriweather-BlackItalic.otf */ = {isa = PBXFileReference; lastKnownFileType = file; path = "Merriweather-BlackItalic.otf"; sourceTree = "<group>"; };
		D31FA12B20ED847A00224FCD /* Merriweather-BoldItalic.otf */ = {isa = PBXFileReference; lastKnownFileType = file; path = "Merriweather-BoldItalic.otf"; sourceTree = "<group>"; };
		D31FA12C20ED847A00224FCD /* Merriweather-Black.otf */ = {isa = PBXFileReference; lastKnownFileType = file; path = "Merriweather-Black.otf"; sourceTree = "<group>"; };
		D34D875620ED0A7C0043F755 /* Stylesheet.swift */ = {isa = PBXFileReference; fileEncoding = 4; lastKnownFileType = sourcecode.swift; path = Stylesheet.swift; sourceTree = "<group>"; };
		D34D875820ED0B6A0043F755 /* UIColor+DSL.swift */ = {isa = PBXFileReference; fileEncoding = 4; lastKnownFileType = sourcecode.swift; path = "UIColor+DSL.swift"; sourceTree = "<group>"; };
		D34D875B20ED84330043F755 /* LibreFranklin-ThinItalic.otf */ = {isa = PBXFileReference; lastKnownFileType = file; path = "LibreFranklin-ThinItalic.otf"; sourceTree = "<group>"; };
		D34D875C20ED84330043F755 /* LibreFranklin-MediumItalic.otf */ = {isa = PBXFileReference; lastKnownFileType = file; path = "LibreFranklin-MediumItalic.otf"; sourceTree = "<group>"; };
		D34D875D20ED84330043F755 /* LibreFranklin-Regular.otf */ = {isa = PBXFileReference; lastKnownFileType = file; path = "LibreFranklin-Regular.otf"; sourceTree = "<group>"; };
		D34D875E20ED84330043F755 /* LibreFranklin-SemiBold.otf */ = {isa = PBXFileReference; lastKnownFileType = file; path = "LibreFranklin-SemiBold.otf"; sourceTree = "<group>"; };
		D34D875F20ED84330043F755 /* LibreFranklin-Medium.otf */ = {isa = PBXFileReference; lastKnownFileType = file; path = "LibreFranklin-Medium.otf"; sourceTree = "<group>"; };
		D34D876020ED84330043F755 /* LibreFranklin-ExtraLightItalic.otf */ = {isa = PBXFileReference; lastKnownFileType = file; path = "LibreFranklin-ExtraLightItalic.otf"; sourceTree = "<group>"; };
		D34D876120ED84330043F755 /* LibreFranklin-Light.otf */ = {isa = PBXFileReference; lastKnownFileType = file; path = "LibreFranklin-Light.otf"; sourceTree = "<group>"; };
		D34D876220ED84330043F755 /* LibreFranklin-ExtraBoldItalic.otf */ = {isa = PBXFileReference; lastKnownFileType = file; path = "LibreFranklin-ExtraBoldItalic.otf"; sourceTree = "<group>"; };
		D34D876320ED84330043F755 /* LibreFranklin-BlackItalic.otf */ = {isa = PBXFileReference; lastKnownFileType = file; path = "LibreFranklin-BlackItalic.otf"; sourceTree = "<group>"; };
		D34D876420ED84330043F755 /* LibreFranklin-Black.otf */ = {isa = PBXFileReference; lastKnownFileType = file; path = "LibreFranklin-Black.otf"; sourceTree = "<group>"; };
		D34D876520ED84330043F755 /* LibreFranklin-Bold.otf */ = {isa = PBXFileReference; lastKnownFileType = file; path = "LibreFranklin-Bold.otf"; sourceTree = "<group>"; };
		D375D33B20ED9BEC00EAB4F0 /* DocumentListViewController.swift */ = {isa = PBXFileReference; lastKnownFileType = sourcecode.swift; path = DocumentListViewController.swift; sourceTree = "<group>"; };
		D375D33D20EDA08F00EAB4F0 /* DocumentCollectionViewCell.swift */ = {isa = PBXFileReference; lastKnownFileType = sourcecode.swift; path = DocumentCollectionViewCell.swift; sourceTree = "<group>"; };
		D375D33F20EDCE1700EAB4F0 /* CommonplaceBookApp.entitlements */ = {isa = PBXFileReference; lastKnownFileType = text.plist.entitlements; path = CommonplaceBookApp.entitlements; sourceTree = "<group>"; };
		D375D34220EDD07700EAB4F0 /* ArrayDataSource.swift */ = {isa = PBXFileReference; lastKnownFileType = sourcecode.swift; path = ArrayDataSource.swift; sourceTree = "<group>"; };
		D375D34420EDE1B800EAB4F0 /* PlainTextDocument.swift */ = {isa = PBXFileReference; lastKnownFileType = sourcecode.swift; path = PlainTextDocument.swift; sourceTree = "<group>"; };
		D3A6EFAC20EE500D00AC428D /* FileMetadata.swift */ = {isa = PBXFileReference; lastKnownFileType = sourcecode.swift; path = FileMetadata.swift; sourceTree = "<group>"; };
		D3CA919620ED848E00F6DF13 /* Merriweather-Bold.otf */ = {isa = PBXFileReference; lastKnownFileType = file; path = "Merriweather-Bold.otf"; sourceTree = "<group>"; };
		D3DC5EBF20EC9B0100F0B74B /* CommonplaceBookApp.app */ = {isa = PBXFileReference; explicitFileType = wrapper.application; includeInIndex = 0; path = CommonplaceBookApp.app; sourceTree = BUILT_PRODUCTS_DIR; };
		D3DC5EC220EC9B0100F0B74B /* AppDelegate.swift */ = {isa = PBXFileReference; lastKnownFileType = sourcecode.swift; path = AppDelegate.swift; sourceTree = "<group>"; };
		D3DC5ECB20EC9B0200F0B74B /* Assets.xcassets */ = {isa = PBXFileReference; lastKnownFileType = folder.assetcatalog; path = Assets.xcassets; sourceTree = "<group>"; };
		D3DC5ECE20EC9B0200F0B74B /* Base */ = {isa = PBXFileReference; lastKnownFileType = file.storyboard; name = Base; path = Base.lproj/LaunchScreen.storyboard; sourceTree = "<group>"; };
		D3DC5ED020EC9B0200F0B74B /* Info.plist */ = {isa = PBXFileReference; lastKnownFileType = text.plist.xml; path = Info.plist; sourceTree = "<group>"; };
		D3DC5ED520EC9B0200F0B74B /* CommonplaceBookAppTests.xctest */ = {isa = PBXFileReference; explicitFileType = wrapper.cfbundle; includeInIndex = 0; path = CommonplaceBookAppTests.xctest; sourceTree = BUILT_PRODUCTS_DIR; };
		D3DC5ED920EC9B0200F0B74B /* CommonplaceBookAppTests.swift */ = {isa = PBXFileReference; lastKnownFileType = sourcecode.swift; path = CommonplaceBookAppTests.swift; sourceTree = "<group>"; };
		D3DC5EDB20EC9B0200F0B74B /* Info.plist */ = {isa = PBXFileReference; lastKnownFileType = text.plist.xml; path = Info.plist; sourceTree = "<group>"; };
		D3DC5EE420EC9F7500F0B74B /* TextEditViewController.swift */ = {isa = PBXFileReference; lastKnownFileType = sourcecode.swift; path = TextEditViewController.swift; sourceTree = "<group>"; };
		D3DC5EE620ECA53900F0B74B /* remember.txt */ = {isa = PBXFileReference; fileEncoding = 4; lastKnownFileType = text; path = remember.txt; sourceTree = "<group>"; };
/* End PBXFileReference section */

/* Begin PBXFrameworksBuildPhase section */
		D3DC5EBC20EC9B0100F0B74B /* Frameworks */ = {
			isa = PBXFrameworksBuildPhase;
			buildActionMask = 2147483647;
			files = (
				BE050A647575E8F075868DF1 /* Pods_CommonplaceBookApp.framework in Frameworks */,
			);
			runOnlyForDeploymentPostprocessing = 0;
		};
		D3DC5ED220EC9B0200F0B74B /* Frameworks */ = {
			isa = PBXFrameworksBuildPhase;
			buildActionMask = 2147483647;
			files = (
				3C00BA216D4291AB94336FEA /* Pods_CommonplaceBookAppTests.framework in Frameworks */,
			);
			runOnlyForDeploymentPostprocessing = 0;
		};
/* End PBXFrameworksBuildPhase section */

/* Begin PBXGroup section */
		0D695C07C08EFF8CC9D9B854 /* Frameworks */ = {
			isa = PBXGroup;
			children = (
				A8D2C034B73F8605B9C553FE /* Pods_CommonplaceBookApp.framework */,
				C2519F393D974710775AF26A /* Pods_CommonplaceBookAppTests.framework */,
			);
			name = Frameworks;
			sourceTree = "<group>";
		};
		B2A86493BC166F95A728F5E8 /* Pods */ = {
			isa = PBXGroup;
			children = (
				40E5CAEA0C56356AEC6FF6A6 /* Pods-CommonplaceBookApp.debug.xcconfig */,
				C69D2589A8BFE5C01679833D /* Pods-CommonplaceBookApp.release.xcconfig */,
				9E64A6ABB8A8D87E6BFEE2DB /* Pods-CommonplaceBookAppTests.debug.xcconfig */,
				3859AFBAF83CDE4C1D927655 /* Pods-CommonplaceBookAppTests.release.xcconfig */,
			);
			name = Pods;
			sourceTree = "<group>";
		};
		D34D875A20ED840B0043F755 /* Resources */ = {
			isa = PBXGroup;
			children = (
				D3CA919620ED848E00F6DF13 /* Merriweather-Bold.otf */,
				D31FA12C20ED847A00224FCD /* Merriweather-Black.otf */,
				D31FA12A20ED847A00224FCD /* Merriweather-BlackItalic.otf */,
				D31FA12B20ED847A00224FCD /* Merriweather-BoldItalic.otf */,
				D31FA12720ED847A00224FCD /* Merriweather-Italic.otf */,
				D31FA12820ED847A00224FCD /* Merriweather-Light.otf */,
				D31FA12920ED847A00224FCD /* Merriweather-LightItalic.otf */,
				D31FA12620ED847A00224FCD /* Merriweather-Regular.otf */,
				D31FA12420ED845A00224FCD /* LibreFranklin-ExtraLight.otf */,
				D34D876420ED84330043F755 /* LibreFranklin-Black.otf */,
				D34D876320ED84330043F755 /* LibreFranklin-BlackItalic.otf */,
				D34D876520ED84330043F755 /* LibreFranklin-Bold.otf */,
				D34D876220ED84330043F755 /* LibreFranklin-ExtraBoldItalic.otf */,
				D34D876020ED84330043F755 /* LibreFranklin-ExtraLightItalic.otf */,
				D34D876120ED84330043F755 /* LibreFranklin-Light.otf */,
				D34D875F20ED84330043F755 /* LibreFranklin-Medium.otf */,
				D34D875C20ED84330043F755 /* LibreFranklin-MediumItalic.otf */,
				D34D875D20ED84330043F755 /* LibreFranklin-Regular.otf */,
				D34D875E20ED84330043F755 /* LibreFranklin-SemiBold.otf */,
				D34D875B20ED84330043F755 /* LibreFranklin-ThinItalic.otf */,
			);
			path = Resources;
			sourceTree = "<group>";
		};
		D3DC5EB620EC9B0100F0B74B = {
			isa = PBXGroup;
			children = (
				D3DC5EC120EC9B0100F0B74B /* CommonplaceBookApp */,
				D3DC5ED820EC9B0200F0B74B /* CommonplaceBookAppTests */,
				D3DC5EC020EC9B0100F0B74B /* Products */,
				B2A86493BC166F95A728F5E8 /* Pods */,
				0D695C07C08EFF8CC9D9B854 /* Frameworks */,
			);
			indentWidth = 2;
			sourceTree = "<group>";
			tabWidth = 2;
		};
		D3DC5EC020EC9B0100F0B74B /* Products */ = {
			isa = PBXGroup;
			children = (
				D3DC5EBF20EC9B0100F0B74B /* CommonplaceBookApp.app */,
				D3DC5ED520EC9B0200F0B74B /* CommonplaceBookAppTests.xctest */,
			);
			name = Products;
			sourceTree = "<group>";
		};
		D3DC5EC120EC9B0100F0B74B /* CommonplaceBookApp */ = {
			isa = PBXGroup;
			children = (
				D3DC5EC220EC9B0100F0B74B /* AppDelegate.swift */,
				D375D34220EDD07700EAB4F0 /* ArrayDataSource.swift */,
				D3DC5ECB20EC9B0200F0B74B /* Assets.xcassets */,
				D375D33F20EDCE1700EAB4F0 /* CommonplaceBookApp.entitlements */,
				D375D33D20EDA08F00EAB4F0 /* DocumentCollectionViewCell.swift */,
				D375D33B20ED9BEC00EAB4F0 /* DocumentListViewController.swift */,
				D3A6EFAC20EE500D00AC428D /* FileMetadata.swift */,
				D3DC5ED020EC9B0200F0B74B /* Info.plist */,
				D3DC5ECD20EC9B0200F0B74B /* LaunchScreen.storyboard */,
				D375D34420EDE1B800EAB4F0 /* PlainTextDocument.swift */,
				D3DC5EE620ECA53900F0B74B /* remember.txt */,
				D34D875A20ED840B0043F755 /* Resources */,
				D34D875620ED0A7C0043F755 /* Stylesheet.swift */,
				D3DC5EE420EC9F7500F0B74B /* TextEditViewController.swift */,
				D34D875820ED0B6A0043F755 /* UIColor+DSL.swift */,
			);
			path = CommonplaceBookApp;
			sourceTree = "<group>";
		};
		D3DC5ED820EC9B0200F0B74B /* CommonplaceBookAppTests */ = {
			isa = PBXGroup;
			children = (
				D3DC5ED920EC9B0200F0B74B /* CommonplaceBookAppTests.swift */,
				D3DC5EDB20EC9B0200F0B74B /* Info.plist */,
			);
			path = CommonplaceBookAppTests;
			sourceTree = "<group>";
		};
/* End PBXGroup section */

/* Begin PBXNativeTarget section */
		D3DC5EBE20EC9B0100F0B74B /* CommonplaceBookApp */ = {
			isa = PBXNativeTarget;
			buildConfigurationList = D3DC5EDE20EC9B0200F0B74B /* Build configuration list for PBXNativeTarget "CommonplaceBookApp" */;
			buildPhases = (
				4A382C3252F169262AAA8C4F /* [CP] Check Pods Manifest.lock */,
				D3DC5EBB20EC9B0100F0B74B /* Sources */,
				D3DC5EBC20EC9B0100F0B74B /* Frameworks */,
				D3DC5EBD20EC9B0100F0B74B /* Resources */,
				556A7CDB6EF5F61DEE38FE72 /* [CP] Embed Pods Frameworks */,
			);
			buildRules = (
			);
			dependencies = (
			);
			name = CommonplaceBookApp;
			productName = CommonplaceBookApp;
			productReference = D3DC5EBF20EC9B0100F0B74B /* CommonplaceBookApp.app */;
			productType = "com.apple.product-type.application";
		};
		D3DC5ED420EC9B0200F0B74B /* CommonplaceBookAppTests */ = {
			isa = PBXNativeTarget;
			buildConfigurationList = D3DC5EE120EC9B0200F0B74B /* Build configuration list for PBXNativeTarget "CommonplaceBookAppTests" */;
			buildPhases = (
				FCA6B0A8BA294A7968665621 /* [CP] Check Pods Manifest.lock */,
				D3DC5ED120EC9B0200F0B74B /* Sources */,
				D3DC5ED220EC9B0200F0B74B /* Frameworks */,
				D3DC5ED320EC9B0200F0B74B /* Resources */,
			);
			buildRules = (
			);
			dependencies = (
				D3DC5ED720EC9B0200F0B74B /* PBXTargetDependency */,
			);
			name = CommonplaceBookAppTests;
			productName = CommonplaceBookAppTests;
			productReference = D3DC5ED520EC9B0200F0B74B /* CommonplaceBookAppTests.xctest */;
			productType = "com.apple.product-type.bundle.unit-test";
		};
/* End PBXNativeTarget section */

/* Begin PBXProject section */
		D3DC5EB720EC9B0100F0B74B /* Project object */ = {
			isa = PBXProject;
			attributes = {
				LastSwiftUpdateCheck = 1000;
				LastUpgradeCheck = 1000;
				ORGANIZATIONNAME = "Brian's Brain";
				TargetAttributes = {
					D3DC5EBE20EC9B0100F0B74B = {
						CreatedOnToolsVersion = 10.0;
						SystemCapabilities = {
							com.apple.Push = {
								enabled = 1;
							};
							com.apple.iCloud = {
								enabled = 1;
							};
						};
					};
					D3DC5ED420EC9B0200F0B74B = {
						CreatedOnToolsVersion = 10.0;
						TestTargetID = D3DC5EBE20EC9B0100F0B74B;
					};
				};
			};
			buildConfigurationList = D3DC5EBA20EC9B0100F0B74B /* Build configuration list for PBXProject "CommonplaceBookApp" */;
			compatibilityVersion = "Xcode 9.3";
			developmentRegion = en;
			hasScannedForEncodings = 0;
			knownRegions = (
				en,
				Base,
			);
			mainGroup = D3DC5EB620EC9B0100F0B74B;
			productRefGroup = D3DC5EC020EC9B0100F0B74B /* Products */;
			projectDirPath = "";
			projectRoot = "";
			targets = (
				D3DC5EBE20EC9B0100F0B74B /* CommonplaceBookApp */,
				D3DC5ED420EC9B0200F0B74B /* CommonplaceBookAppTests */,
			);
		};
/* End PBXProject section */

/* Begin PBXResourcesBuildPhase section */
		D3DC5EBD20EC9B0100F0B74B /* Resources */ = {
			isa = PBXResourcesBuildPhase;
			buildActionMask = 2147483647;
			files = (
				D3CA91A620ED84E300F6DF13 /* LibreFranklin-MediumItalic.otf in Resources */,
				D3CA91A520ED84E300F6DF13 /* LibreFranklin-Medium.otf in Resources */,
				D3DC5ECF20EC9B0200F0B74B /* LaunchScreen.storyboard in Resources */,
				D3CA919B20ED84E300F6DF13 /* Merriweather-Italic.otf in Resources */,
				D3DC5ECC20EC9B0200F0B74B /* Assets.xcassets in Resources */,
				D3CA919720ED848E00F6DF13 /* Merriweather-Bold.otf in Resources */,
				D3CA919F20ED84E300F6DF13 /* LibreFranklin-Black.otf in Resources */,
				D3CA91A320ED84E300F6DF13 /* LibreFranklin-ExtraLightItalic.otf in Resources */,
				D3DC5EE720ECA53900F0B74B /* remember.txt in Resources */,
				D3CA919820ED84E300F6DF13 /* Merriweather-Black.otf in Resources */,
				D3CA91A020ED84E300F6DF13 /* LibreFranklin-BlackItalic.otf in Resources */,
				D3CA91A720ED84E300F6DF13 /* LibreFranklin-Regular.otf in Resources */,
				D3CA919D20ED84E300F6DF13 /* Merriweather-LightItalic.otf in Resources */,
				D3CA91A220ED84E300F6DF13 /* LibreFranklin-ExtraBoldItalic.otf in Resources */,
				D3CA919A20ED84E300F6DF13 /* Merriweather-BoldItalic.otf in Resources */,
				D3CA91A420ED84E300F6DF13 /* LibreFranklin-Light.otf in Resources */,
				D3CA91A920ED84E300F6DF13 /* LibreFranklin-ThinItalic.otf in Resources */,
				D3CA91A820ED84E300F6DF13 /* LibreFranklin-SemiBold.otf in Resources */,
				D3CA91A120ED84E300F6DF13 /* LibreFranklin-Bold.otf in Resources */,
				D3CA919920ED84E300F6DF13 /* Merriweather-BlackItalic.otf in Resources */,
				D3CA919E20ED84E300F6DF13 /* Merriweather-Regular.otf in Resources */,
				D31FA12520ED845A00224FCD /* LibreFranklin-ExtraLight.otf in Resources */,
				D3CA919C20ED84E300F6DF13 /* Merriweather-Light.otf in Resources */,
			);
			runOnlyForDeploymentPostprocessing = 0;
		};
		D3DC5ED320EC9B0200F0B74B /* Resources */ = {
			isa = PBXResourcesBuildPhase;
			buildActionMask = 2147483647;
			files = (
			);
			runOnlyForDeploymentPostprocessing = 0;
		};
/* End PBXResourcesBuildPhase section */

/* Begin PBXShellScriptBuildPhase section */
		4A382C3252F169262AAA8C4F /* [CP] Check Pods Manifest.lock */ = {
			isa = PBXShellScriptBuildPhase;
			buildActionMask = 2147483647;
			files = (
			);
			inputPaths = (
				"${PODS_PODFILE_DIR_PATH}/Podfile.lock",
				"${PODS_ROOT}/Manifest.lock",
			);
			name = "[CP] Check Pods Manifest.lock";
			outputPaths = (
				"$(DERIVED_FILE_DIR)/Pods-CommonplaceBookApp-checkManifestLockResult.txt",
			);
			runOnlyForDeploymentPostprocessing = 0;
			shellPath = /bin/sh;
			shellScript = "diff \"${PODS_PODFILE_DIR_PATH}/Podfile.lock\" \"${PODS_ROOT}/Manifest.lock\" > /dev/null\nif [ $? != 0 ] ; then\n    # print error to STDERR\n    echo \"error: The sandbox is not in sync with the Podfile.lock. Run 'pod install' or update your CocoaPods installation.\" >&2\n    exit 1\nfi\n# This output is used by Xcode 'outputs' to avoid re-running this script phase.\necho \"SUCCESS\" > \"${SCRIPT_OUTPUT_FILE_0}\"\n";
			showEnvVarsInLog = 0;
		};
		556A7CDB6EF5F61DEE38FE72 /* [CP] Embed Pods Frameworks */ = {
			isa = PBXShellScriptBuildPhase;
			buildActionMask = 2147483647;
			files = (
			);
			inputPaths = (
				"${SRCROOT}/Pods/Target Support Files/Pods-CommonplaceBookApp/Pods-CommonplaceBookApp-frameworks.sh",
				"${BUILT_PRODUCTS_DIR}/CommonplaceBook/CommonplaceBook.framework",
				"${BUILT_PRODUCTS_DIR}/MDFInternationalization/MDFInternationalization.framework",
				"${BUILT_PRODUCTS_DIR}/MDFTextAccessibility/MDFTextAccessibility.framework",
				"${BUILT_PRODUCTS_DIR}/MaterialComponents/MaterialComponents.framework",
				"${BUILT_PRODUCTS_DIR}/MotionAnimator/MotionAnimator.framework",
				"${BUILT_PRODUCTS_DIR}/MotionInterchange/MotionInterchange.framework",
				"${BUILT_PRODUCTS_DIR}/MotionTransitioning/MotionTransitioning.framework",
				"${BUILT_PRODUCTS_DIR}/Yoga/yoga.framework",
				"${BUILT_PRODUCTS_DIR}/YogaKit/YogaKit.framework",
			);
			name = "[CP] Embed Pods Frameworks";
			outputPaths = (
				"${TARGET_BUILD_DIR}/${FRAMEWORKS_FOLDER_PATH}/CommonplaceBook.framework",
				"${TARGET_BUILD_DIR}/${FRAMEWORKS_FOLDER_PATH}/MDFInternationalization.framework",
				"${TARGET_BUILD_DIR}/${FRAMEWORKS_FOLDER_PATH}/MDFTextAccessibility.framework",
				"${TARGET_BUILD_DIR}/${FRAMEWORKS_FOLDER_PATH}/MaterialComponents.framework",
				"${TARGET_BUILD_DIR}/${FRAMEWORKS_FOLDER_PATH}/MotionAnimator.framework",
				"${TARGET_BUILD_DIR}/${FRAMEWORKS_FOLDER_PATH}/MotionInterchange.framework",
				"${TARGET_BUILD_DIR}/${FRAMEWORKS_FOLDER_PATH}/MotionTransitioning.framework",
				"${TARGET_BUILD_DIR}/${FRAMEWORKS_FOLDER_PATH}/yoga.framework",
				"${TARGET_BUILD_DIR}/${FRAMEWORKS_FOLDER_PATH}/YogaKit.framework",
			);
			runOnlyForDeploymentPostprocessing = 0;
			shellPath = /bin/sh;
			shellScript = "\"${SRCROOT}/Pods/Target Support Files/Pods-CommonplaceBookApp/Pods-CommonplaceBookApp-frameworks.sh\"\n";
			showEnvVarsInLog = 0;
		};
		FCA6B0A8BA294A7968665621 /* [CP] Check Pods Manifest.lock */ = {
			isa = PBXShellScriptBuildPhase;
			buildActionMask = 2147483647;
			files = (
			);
			inputPaths = (
				"${PODS_PODFILE_DIR_PATH}/Podfile.lock",
				"${PODS_ROOT}/Manifest.lock",
			);
			name = "[CP] Check Pods Manifest.lock";
			outputPaths = (
				"$(DERIVED_FILE_DIR)/Pods-CommonplaceBookAppTests-checkManifestLockResult.txt",
			);
			runOnlyForDeploymentPostprocessing = 0;
			shellPath = /bin/sh;
			shellScript = "diff \"${PODS_PODFILE_DIR_PATH}/Podfile.lock\" \"${PODS_ROOT}/Manifest.lock\" > /dev/null\nif [ $? != 0 ] ; then\n    # print error to STDERR\n    echo \"error: The sandbox is not in sync with the Podfile.lock. Run 'pod install' or update your CocoaPods installation.\" >&2\n    exit 1\nfi\n# This output is used by Xcode 'outputs' to avoid re-running this script phase.\necho \"SUCCESS\" > \"${SCRIPT_OUTPUT_FILE_0}\"\n";
			showEnvVarsInLog = 0;
		};
/* End PBXShellScriptBuildPhase section */

/* Begin PBXSourcesBuildPhase section */
		D3DC5EBB20EC9B0100F0B74B /* Sources */ = {
			isa = PBXSourcesBuildPhase;
			buildActionMask = 2147483647;
			files = (
				D3DC5EE520EC9F7500F0B74B /* TextEditViewController.swift in Sources */,
				D3DC5EC320EC9B0100F0B74B /* AppDelegate.swift in Sources */,
				D375D34520EDE1B800EAB4F0 /* PlainTextDocument.swift in Sources */,
				D375D33C20ED9BEC00EAB4F0 /* DocumentListViewController.swift in Sources */,
				D34D875720ED0A7C0043F755 /* Stylesheet.swift in Sources */,
				D375D34320EDD07700EAB4F0 /* ArrayDataSource.swift in Sources */,
				D375D33E20EDA08F00EAB4F0 /* DocumentCollectionViewCell.swift in Sources */,
				D3A6EFAD20EE500D00AC428D /* FileMetadata.swift in Sources */,
				D34D875920ED0B6A0043F755 /* UIColor+DSL.swift in Sources */,
			);
			runOnlyForDeploymentPostprocessing = 0;
		};
		D3DC5ED120EC9B0200F0B74B /* Sources */ = {
			isa = PBXSourcesBuildPhase;
			buildActionMask = 2147483647;
			files = (
				D3DC5EDA20EC9B0200F0B74B /* CommonplaceBookAppTests.swift in Sources */,
			);
			runOnlyForDeploymentPostprocessing = 0;
		};
/* End PBXSourcesBuildPhase section */

/* Begin PBXTargetDependency section */
		D3DC5ED720EC9B0200F0B74B /* PBXTargetDependency */ = {
			isa = PBXTargetDependency;
			target = D3DC5EBE20EC9B0100F0B74B /* CommonplaceBookApp */;
			targetProxy = D3DC5ED620EC9B0200F0B74B /* PBXContainerItemProxy */;
		};
/* End PBXTargetDependency section */

/* Begin PBXVariantGroup section */
		D3DC5ECD20EC9B0200F0B74B /* LaunchScreen.storyboard */ = {
			isa = PBXVariantGroup;
			children = (
				D3DC5ECE20EC9B0200F0B74B /* Base */,
			);
			name = LaunchScreen.storyboard;
			sourceTree = "<group>";
		};
/* End PBXVariantGroup section */

/* Begin XCBuildConfiguration section */
		D3DC5EDC20EC9B0200F0B74B /* Debug */ = {
			isa = XCBuildConfiguration;
			buildSettings = {
				ALWAYS_SEARCH_USER_PATHS = NO;
				CLANG_ANALYZER_NONNULL = YES;
				CLANG_ANALYZER_NUMBER_OBJECT_CONVERSION = YES_AGGRESSIVE;
				CLANG_CXX_LANGUAGE_STANDARD = "gnu++14";
				CLANG_CXX_LIBRARY = "libc++";
				CLANG_ENABLE_MODULES = YES;
				CLANG_ENABLE_OBJC_ARC = YES;
				CLANG_ENABLE_OBJC_WEAK = YES;
				CLANG_WARN_BLOCK_CAPTURE_AUTORELEASING = YES;
				CLANG_WARN_BOOL_CONVERSION = YES;
				CLANG_WARN_COMMA = YES;
				CLANG_WARN_CONSTANT_CONVERSION = YES;
				CLANG_WARN_DEPRECATED_OBJC_IMPLEMENTATIONS = YES;
				CLANG_WARN_DIRECT_OBJC_ISA_USAGE = YES_ERROR;
				CLANG_WARN_DOCUMENTATION_COMMENTS = YES;
				CLANG_WARN_EMPTY_BODY = YES;
				CLANG_WARN_ENUM_CONVERSION = YES;
				CLANG_WARN_INFINITE_RECURSION = YES;
				CLANG_WARN_INT_CONVERSION = YES;
				CLANG_WARN_NON_LITERAL_NULL_CONVERSION = YES;
				CLANG_WARN_OBJC_IMPLICIT_RETAIN_SELF = YES;
				CLANG_WARN_OBJC_LITERAL_CONVERSION = YES;
				CLANG_WARN_OBJC_ROOT_CLASS = YES_ERROR;
				CLANG_WARN_RANGE_LOOP_ANALYSIS = YES;
				CLANG_WARN_STRICT_PROTOTYPES = YES;
				CLANG_WARN_SUSPICIOUS_MOVE = YES;
				CLANG_WARN_UNGUARDED_AVAILABILITY = YES_AGGRESSIVE;
				CLANG_WARN_UNREACHABLE_CODE = YES;
				CLANG_WARN__DUPLICATE_METHOD_MATCH = YES;
				CODE_SIGN_IDENTITY = "iPhone Developer";
				COPY_PHASE_STRIP = NO;
				DEBUG_INFORMATION_FORMAT = dwarf;
				ENABLE_STRICT_OBJC_MSGSEND = YES;
				ENABLE_TESTABILITY = YES;
				GCC_C_LANGUAGE_STANDARD = gnu11;
				GCC_DYNAMIC_NO_PIC = NO;
				GCC_NO_COMMON_BLOCKS = YES;
				GCC_OPTIMIZATION_LEVEL = 0;
				GCC_PREPROCESSOR_DEFINITIONS = (
					"DEBUG=1",
					"$(inherited)",
				);
				GCC_WARN_64_TO_32_BIT_CONVERSION = YES;
				GCC_WARN_ABOUT_RETURN_TYPE = YES_ERROR;
				GCC_WARN_UNDECLARED_SELECTOR = YES;
				GCC_WARN_UNINITIALIZED_AUTOS = YES_AGGRESSIVE;
				GCC_WARN_UNUSED_FUNCTION = YES;
				GCC_WARN_UNUSED_VARIABLE = YES;
				IPHONEOS_DEPLOYMENT_TARGET = 12.0;
				MTL_ENABLE_DEBUG_INFO = INCLUDE_SOURCE;
				ONLY_ACTIVE_ARCH = YES;
				SDKROOT = iphoneos;
				SWIFT_ACTIVE_COMPILATION_CONDITIONS = DEBUG;
				SWIFT_OPTIMIZATION_LEVEL = "-Onone";
			};
			name = Debug;
		};
		D3DC5EDD20EC9B0200F0B74B /* Release */ = {
			isa = XCBuildConfiguration;
			buildSettings = {
				ALWAYS_SEARCH_USER_PATHS = NO;
				CLANG_ANALYZER_NONNULL = YES;
				CLANG_ANALYZER_NUMBER_OBJECT_CONVERSION = YES_AGGRESSIVE;
				CLANG_CXX_LANGUAGE_STANDARD = "gnu++14";
				CLANG_CXX_LIBRARY = "libc++";
				CLANG_ENABLE_MODULES = YES;
				CLANG_ENABLE_OBJC_ARC = YES;
				CLANG_ENABLE_OBJC_WEAK = YES;
				CLANG_WARN_BLOCK_CAPTURE_AUTORELEASING = YES;
				CLANG_WARN_BOOL_CONVERSION = YES;
				CLANG_WARN_COMMA = YES;
				CLANG_WARN_CONSTANT_CONVERSION = YES;
				CLANG_WARN_DEPRECATED_OBJC_IMPLEMENTATIONS = YES;
				CLANG_WARN_DIRECT_OBJC_ISA_USAGE = YES_ERROR;
				CLANG_WARN_DOCUMENTATION_COMMENTS = YES;
				CLANG_WARN_EMPTY_BODY = YES;
				CLANG_WARN_ENUM_CONVERSION = YES;
				CLANG_WARN_INFINITE_RECURSION = YES;
				CLANG_WARN_INT_CONVERSION = YES;
				CLANG_WARN_NON_LITERAL_NULL_CONVERSION = YES;
				CLANG_WARN_OBJC_IMPLICIT_RETAIN_SELF = YES;
				CLANG_WARN_OBJC_LITERAL_CONVERSION = YES;
				CLANG_WARN_OBJC_ROOT_CLASS = YES_ERROR;
				CLANG_WARN_RANGE_LOOP_ANALYSIS = YES;
				CLANG_WARN_STRICT_PROTOTYPES = YES;
				CLANG_WARN_SUSPICIOUS_MOVE = YES;
				CLANG_WARN_UNGUARDED_AVAILABILITY = YES_AGGRESSIVE;
				CLANG_WARN_UNREACHABLE_CODE = YES;
				CLANG_WARN__DUPLICATE_METHOD_MATCH = YES;
				CODE_SIGN_IDENTITY = "iPhone Developer";
				COPY_PHASE_STRIP = NO;
				DEBUG_INFORMATION_FORMAT = "dwarf-with-dsym";
				ENABLE_NS_ASSERTIONS = NO;
				ENABLE_STRICT_OBJC_MSGSEND = YES;
				GCC_C_LANGUAGE_STANDARD = gnu11;
				GCC_NO_COMMON_BLOCKS = YES;
				GCC_WARN_64_TO_32_BIT_CONVERSION = YES;
				GCC_WARN_ABOUT_RETURN_TYPE = YES_ERROR;
				GCC_WARN_UNDECLARED_SELECTOR = YES;
				GCC_WARN_UNINITIALIZED_AUTOS = YES_AGGRESSIVE;
				GCC_WARN_UNUSED_FUNCTION = YES;
				GCC_WARN_UNUSED_VARIABLE = YES;
				IPHONEOS_DEPLOYMENT_TARGET = 12.0;
				MTL_ENABLE_DEBUG_INFO = NO;
				SDKROOT = iphoneos;
				SWIFT_COMPILATION_MODE = wholemodule;
				SWIFT_OPTIMIZATION_LEVEL = "-O";
				VALIDATE_PRODUCT = YES;
			};
			name = Release;
		};
		D3DC5EDF20EC9B0200F0B74B /* Debug */ = {
			isa = XCBuildConfiguration;
			baseConfigurationReference = 40E5CAEA0C56356AEC6FF6A6 /* Pods-CommonplaceBookApp.debug.xcconfig */;
			buildSettings = {
				ASSETCATALOG_COMPILER_APPICON_NAME = AppIcon;
				CODE_SIGN_ENTITLEMENTS = CommonplaceBookApp/CommonplaceBookApp.entitlements;
				CODE_SIGN_STYLE = Automatic;
				DEVELOPMENT_TEAM = K2UU8WDD8H;
				INFOPLIST_FILE = CommonplaceBookApp/Info.plist;
				IPHONEOS_DEPLOYMENT_TARGET = 11.0;
				LD_RUNPATH_SEARCH_PATHS = (
					"$(inherited)",
					"@executable_path/Frameworks",
				);
				PRODUCT_BUNDLE_IDENTIFIER = "org.brians-brain.CommonplaceBookApp";
				PRODUCT_NAME = "$(TARGET_NAME)";
				SWIFT_VERSION = 4.2;
				TARGETED_DEVICE_FAMILY = "1,2";
			};
			name = Debug;
		};
		D3DC5EE020EC9B0200F0B74B /* Release */ = {
			isa = XCBuildConfiguration;
			baseConfigurationReference = C69D2589A8BFE5C01679833D /* Pods-CommonplaceBookApp.release.xcconfig */;
			buildSettings = {
				ASSETCATALOG_COMPILER_APPICON_NAME = AppIcon;
				CODE_SIGN_ENTITLEMENTS = CommonplaceBookApp/CommonplaceBookApp.entitlements;
				CODE_SIGN_STYLE = Automatic;
				DEVELOPMENT_TEAM = K2UU8WDD8H;
				INFOPLIST_FILE = CommonplaceBookApp/Info.plist;
				IPHONEOS_DEPLOYMENT_TARGET = 11.0;
				LD_RUNPATH_SEARCH_PATHS = (
					"$(inherited)",
					"@executable_path/Frameworks",
				);
				PRODUCT_BUNDLE_IDENTIFIER = "org.brians-brain.CommonplaceBookApp";
				PRODUCT_NAME = "$(TARGET_NAME)";
				SWIFT_VERSION = 4.2;
				TARGETED_DEVICE_FAMILY = "1,2";
			};
			name = Release;
		};
		D3DC5EE220EC9B0200F0B74B /* Debug */ = {
			isa = XCBuildConfiguration;
			baseConfigurationReference = 9E64A6ABB8A8D87E6BFEE2DB /* Pods-CommonplaceBookAppTests.debug.xcconfig */;
			buildSettings = {
				ALWAYS_EMBED_SWIFT_STANDARD_LIBRARIES = YES;
				BUNDLE_LOADER = "$(TEST_HOST)";
				CODE_SIGN_STYLE = Automatic;
				DEVELOPMENT_TEAM = K2UU8WDD8H;
				INFOPLIST_FILE = CommonplaceBookAppTests/Info.plist;
				LD_RUNPATH_SEARCH_PATHS = (
					"$(inherited)",
					"@executable_path/Frameworks",
					"@loader_path/Frameworks",
				);
				PRODUCT_BUNDLE_IDENTIFIER = "org.brians-brain.CommonplaceBookAppTests";
				PRODUCT_NAME = "$(TARGET_NAME)";
				SWIFT_VERSION = 4.2;
				TARGETED_DEVICE_FAMILY = "1,2";
				TEST_HOST = "$(BUILT_PRODUCTS_DIR)/CommonplaceBookApp.app/CommonplaceBookApp";
			};
			name = Debug;
		};
		D3DC5EE320EC9B0200F0B74B /* Release */ = {
			isa = XCBuildConfiguration;
			baseConfigurationReference = 3859AFBAF83CDE4C1D927655 /* Pods-CommonplaceBookAppTests.release.xcconfig */;
			buildSettings = {
				ALWAYS_EMBED_SWIFT_STANDARD_LIBRARIES = YES;
				BUNDLE_LOADER = "$(TEST_HOST)";
				CODE_SIGN_STYLE = Automatic;
				DEVELOPMENT_TEAM = K2UU8WDD8H;
				INFOPLIST_FILE = CommonplaceBookAppTests/Info.plist;
				LD_RUNPATH_SEARCH_PATHS = (
					"$(inherited)",
					"@executable_path/Frameworks",
					"@loader_path/Frameworks",
				);
				PRODUCT_BUNDLE_IDENTIFIER = "org.brians-brain.CommonplaceBookAppTests";
				PRODUCT_NAME = "$(TARGET_NAME)";
				SWIFT_VERSION = 4.2;
				TARGETED_DEVICE_FAMILY = "1,2";
				TEST_HOST = "$(BUILT_PRODUCTS_DIR)/CommonplaceBookApp.app/CommonplaceBookApp";
			};
			name = Release;
		};
/* End XCBuildConfiguration section */

/* Begin XCConfigurationList section */
		D3DC5EBA20EC9B0100F0B74B /* Build configuration list for PBXProject "CommonplaceBookApp" */ = {
			isa = XCConfigurationList;
			buildConfigurations = (
				D3DC5EDC20EC9B0200F0B74B /* Debug */,
				D3DC5EDD20EC9B0200F0B74B /* Release */,
			);
			defaultConfigurationIsVisible = 0;
			defaultConfigurationName = Release;
		};
		D3DC5EDE20EC9B0200F0B74B /* Build configuration list for PBXNativeTarget "CommonplaceBookApp" */ = {
			isa = XCConfigurationList;
			buildConfigurations = (
				D3DC5EDF20EC9B0200F0B74B /* Debug */,
				D3DC5EE020EC9B0200F0B74B /* Release */,
			);
			defaultConfigurationIsVisible = 0;
			defaultConfigurationName = Release;
		};
		D3DC5EE120EC9B0200F0B74B /* Build configuration list for PBXNativeTarget "CommonplaceBookAppTests" */ = {
			isa = XCConfigurationList;
			buildConfigurations = (
				D3DC5EE220EC9B0200F0B74B /* Debug */,
				D3DC5EE320EC9B0200F0B74B /* Release */,
			);
			defaultConfigurationIsVisible = 0;
			defaultConfigurationName = Release;
		};
/* End XCConfigurationList section */
	};
	rootObject = D3DC5EB720EC9B0100F0B74B /* Project object */;
}
