{
  "pins" : [
    {
      "identity" : "bookkit",
      "kind" : "remoteSourceControl",
      "location" : "https://github.com/bdewey/BookKit",
      "state" : {
        "revision" : "f1d8bbbabb00c1d6b7eb97dce6c0c71c0a8b2328",
        "version" : "0.6.0"
      }
    },
    {
      "identity" : "codablecsv",
      "kind" : "remoteSourceControl",
      "location" : "https://github.com/dehesa/CodableCSV",
      "state" : {
        "revision" : "99ace2cfdfbc19108b529c021005fb57a460e715",
        "version" : "0.6.7"
      }
    },
    {
      "identity" : "grdb.swift",
      "kind" : "remoteSourceControl",
      "location" : "https://github.com/bdewey/GRDB.swift",
      "state" : {
        "branch" : "xcode13-rc",
        "revision" : "76c7764c715909d5575cec859ec7649fb4ca9e2c"
      }
    },
    {
      "identity" : "keyvaluecrdt",
      "kind" : "remoteSourceControl",
      "location" : "https://github.com/bdewey/KeyValueCRDT",
      "state" : {
        "revision" : "460becd23a29b30dbfde184b155f3e4124e1fcdf",
        "version" : "1.2.1"
      }
    },
    {
      "identity" : "mainoffender",
      "kind" : "remoteSourceControl",
      "location" : "https://github.com/mattmassicotte/MainOffender",
      "state" : {
        "revision" : "343cc3797618c29b48b037b4e2beea0664e75315",
        "version" : "0.1.0"
      }
    },
    {
      "identity" : "snapkit",
      "kind" : "remoteSourceControl",
      "location" : "https://github.com/SnapKit/SnapKit",
      "state" : {
        "revision" : "d458564516e5676af9c70b4f4b2a9178294f1bc6",
        "version" : "5.0.1"
      }
    },
    {
      "identity" : "spacedrepetitionscheduler",
      "kind" : "remoteSourceControl",
      "location" : "https://github.com/bdewey/SpacedRepetitionScheduler.git",
      "state" : {
        "revision" : "4557c67e74c3b8934abef17a8a06ef658fa88eb8",
        "version" : "0.3.0"
      }
    },
    {
      "identity" : "swift-algorithms",
      "kind" : "remoteSourceControl",
      "location" : "https://github.com/apple/swift-algorithms.git",
      "state" : {
        "revision" : "b14b7f4c528c942f121c8b860b9410b2bf57825e",
        "version" : "1.0.0"
      }
    },
    {
      "identity" : "swift-log",
      "kind" : "remoteSourceControl",
      "location" : "https://github.com/apple/swift-log",
      "state" : {
        "revision" : "5d66f7ba25daf4f94100e7022febf3c75e37a6c7",
        "version" : "1.4.2"
      }
    },
    {
      "identity" : "swift-log-file",
      "kind" : "remoteSourceControl",
      "location" : "https://github.com/crspybits/swift-log-file",
      "state" : {
        "revision" : "0c4cdbeacf8467cbaf9f8c4d35ecf4bba31fc9a2",
        "version" : "0.0.1"
      }
    },
    {
      "identity" : "swift-numerics",
      "kind" : "remoteSourceControl",
      "location" : "https://github.com/apple/swift-numerics",
      "state" : {
        "revision" : "0a5bc04095a675662cf24757cc0640aa2204253b",
        "version" : "1.0.2"
      }
    },
    {
      "identity" : "textmarkupkit",
      "kind" : "remoteSourceControl",
      "location" : "https://github.com/bdewey/TextMarkupKit",
      "state" : {
        "revision" : "ddd2160dea6d4c3703991ea83e1113fffb636c4b",
        "version" : "0.10.0"
      }
    },
    {
      "identity" : "zipfoundation",
      "kind" : "remoteSourceControl",
      "location" : "https://github.com/weichsel/ZIPFoundation",
      "state" : {
        "revision" : "cf10bbff6ac3b873e97b36b9784c79866a051a8e",
        "version" : "0.9.12"
      }
    }
  ],
  "version" : 2
}
