{
  "object": {
    "pins": [
      {
        "package": "BookKit",
        "repositoryURL": "https://github.com/bdewey/BookKit",
        "state": {
          "branch": "xcode13",
          "revision": "6f4733507ed0971b4267a42cea402a15c94bbf2e",
          "version": null
        }
      },
      {
        "package": "CodableCSV",
        "repositoryURL": "https://github.com/bdewey/CodableCSV",
        "state": {
          "branch": "xcode13",
          "revision": "7954e4ffdc7b700372a4f43944840d5b6da09e54",
          "version": null
        }
      },
      {
        "package": "GRDB",
        "repositoryURL": "https://github.com/bdewey/GRDB.swift",
        "state": {
          "branch": "xcode13",
          "revision": "d8718bd7a41f96698bcc6ce353d48a9a3b003cea",
          "version": null
        }
      },
      {
        "package": "KeyValueCRDT",
        "repositoryURL": "https://github.com/bdewey/KeyValueCRDT",
        "state": {
          "branch": "main",
          "revision": "03ea5520c46144b54a5119987c2a9c1978c835f8",
          "version": null
        }
      },
      {
        "package": "SnapKit",
        "repositoryURL": "https://github.com/SnapKit/SnapKit",
        "state": {
          "branch": null,
          "revision": "d458564516e5676af9c70b4f4b2a9178294f1bc6",
          "version": "5.0.1"
        }
      },
      {
        "package": "SpacedRepetitionScheduler",
        "repositoryURL": "https://github.com/bdewey/SpacedRepetitionScheduler.git",
        "state": {
          "branch": "xcode13",
          "revision": "e79c015fc160c2725eae95eae4b26fa59e57f5f0",
          "version": null
        }
      },
      {
        "package": "swift-log",
        "repositoryURL": "https://github.com/apple/swift-log",
        "state": {
          "branch": null,
          "revision": "5d66f7ba25daf4f94100e7022febf3c75e37a6c7",
          "version": "1.4.2"
        }
      },
      {
        "package": "swift-log-file",
        "repositoryURL": "https://github.com/crspybits/swift-log-file",
        "state": {
          "branch": null,
          "revision": "0c4cdbeacf8467cbaf9f8c4d35ecf4bba31fc9a2",
          "version": "0.0.1"
        }
      },
      {
        "package": "TextMarkupKit",
        "repositoryURL": "https://github.com/bdewey/TextMarkupKit",
        "state": {
          "branch": null,
          "revision": "b91b87a43a3915b0a482fb8ac26fc54f1769dd72",
          "version": "0.7.3"
        }
      },
      {
        "package": "ZIPFoundation",
        "repositoryURL": "https://github.com/weichsel/ZIPFoundation",
        "state": {
          "branch": null,
          "revision": "cf10bbff6ac3b873e97b36b9784c79866a051a8e",
          "version": "0.9.12"
        }
      }
    ]
  },
  "version": 1
}
