{
  "object": {
    "pins": [
      {
        "package": "CodableCSV",
        "repositoryURL": "https://github.com/dehesa/CodableCSV",
        "state": {
          "branch": null,
          "revision": "82ee81e7cdb0700f1d6574dbec314872dce5003e",
          "version": "0.6.6"
        }
      },
      {
        "package": "CombineExpectations",
        "repositoryURL": "https://github.com/groue/CombineExpectations.git",
        "state": {
          "branch": null,
          "revision": "96d5604151c94b21fbca6877b237e80af9e821dd",
          "version": "0.5.0"
        }
      },
      {
        "package": "GRDB",
        "repositoryURL": "https://github.com/bdewey/GRDB.swift",
        "state": {
          "branch": null,
          "revision": "60cbab525e262db3399c372cb5086c2b28e90c02",
          "version": "4.8.1"
        }
      },
      {
        "package": "GRDBCombine",
        "repositoryURL": "https://github.com/groue/GRDBCombine.git",
        "state": {
          "branch": null,
          "revision": "cbae47a79921fb8df318f31b9c51f9a1245373e6",
          "version": "0.8.1"
        }
      },
      {
        "package": "SnapKit",
        "repositoryURL": "https://github.com/SnapKit/SnapKit",
        "state": {
          "branch": null,
          "revision": "d458564516e5676af9c70b4f4b2a9178294f1bc6",
          "version": "5.0.1"
        }
      },
      {
        "package": "SpacedRepetitionScheduler",
        "repositoryURL": "https://github.com/bdewey/SpacedRepetitionScheduler.git",
        "state": {
          "branch": null,
          "revision": "8e9b117b69b8038127b0eb25704e3f121edd7a34",
          "version": "0.1.0"
        }
      },
      {
        "package": "swift-log",
        "repositoryURL": "https://github.com/apple/swift-log",
        "state": {
          "branch": null,
          "revision": "5d66f7ba25daf4f94100e7022febf3c75e37a6c7",
          "version": "1.4.2"
        }
      },
      {
        "package": "swift-log-file",
        "repositoryURL": "https://github.com/crspybits/swift-log-file",
        "state": {
          "branch": null,
          "revision": "0c4cdbeacf8467cbaf9f8c4d35ecf4bba31fc9a2",
          "version": "0.0.1"
        }
      }
    ]
  },
  "version": 1
}
