{
  "object": {
    "pins": [
      {
        "package": "BookKit",
        "repositoryURL": "https://github.com/bdewey/BookKit",
        "state": {
          "branch": "xcode13",
          "revision": "2a0ccd048006280ec2deb6289a26edc54f5a807a",
          "version": null
        }
      },
      {
        "package": "CodableCSV",
        "repositoryURL": "https://github.com/dehesa/CodableCSV",
        "state": {
          "branch": null,
          "revision": "82ee81e7cdb0700f1d6574dbec314872dce5003e",
          "version": "0.6.6"
        }
      },
      {
        "package": "GRDB",
        "repositoryURL": "https://github.com/bdewey/GRDB.swift",
        "state": {
          "branch": "xcode13",
          "revision": "a796aa920f4a24c2e5d4934e4fb7eec64104f1d0",
          "version": null
        }
      },
      {
        "package": "KeyValueCRDT",
        "repositoryURL": "https://github.com/bdewey/KeyValueCRDT",
        "state": {
          "branch": "main",
          "revision": "72cd3541a8ce8a122fc1c75f4b4cc30cb34d9bf9",
          "version": null
        }
      },
      {
        "package": "SnapKit",
        "repositoryURL": "https://github.com/SnapKit/SnapKit",
        "state": {
          "branch": null,
          "revision": "d458564516e5676af9c70b4f4b2a9178294f1bc6",
          "version": "5.0.1"
        }
      },
      {
        "package": "SpacedRepetitionScheduler",
        "repositoryURL": "https://github.com/bdewey/SpacedRepetitionScheduler.git",
        "state": {
          "branch": "xcode13",
          "revision": "e79c015fc160c2725eae95eae4b26fa59e57f5f0",
          "version": null
        }
      },
      {
        "package": "swift-log",
        "repositoryURL": "https://github.com/apple/swift-log",
        "state": {
          "branch": null,
          "revision": "5d66f7ba25daf4f94100e7022febf3c75e37a6c7",
          "version": "1.4.2"
        }
      },
      {
        "package": "swift-log-file",
        "repositoryURL": "https://github.com/crspybits/swift-log-file",
        "state": {
          "branch": null,
          "revision": "aa94b38bf88c7d9cbc87ceafcdffadaffbc2bffa",
          "version": "0.1.0"
        }
      },
      {
        "package": "TextMarkupKit",
        "repositoryURL": "https://github.com/bdewey/TextMarkupKit",
        "state": {
          "branch": "xcode13",
          "revision": "1afd83c670591ee156b21e08a35e682aa68eea43",
          "version": null
        }
      },
      {
        "package": "XCGLogger",
        "repositoryURL": "https://github.com/DaveWoodCom/XCGLogger.git",
        "state": {
          "branch": null,
          "revision": "a9c4667b247928a29bdd41be2ec2c8d304215a54",
          "version": "7.0.1"
        }
      }
    ]
  },
  "version": 1
}
