// !$*UTF8*$!
{
	archiveVersion = 1;
	classes = {
	};
	objectVersion = 52;
	objects = {

/* Begin PBXBuildFile section */
		D304D3EB25BC8A6100178590 /* PredefinedFolder.swift in Sources */ = {isa = PBXBuildFile; fileRef = D304D3EA25BC8A6000178590 /* PredefinedFolder.swift */; };
		D30B0243229E513C00F3B459 /* StudyLog.swift in Sources */ = {isa = PBXBuildFile; fileRef = D30B0242229E513C00F3B459 /* StudyLog.swift */; };
		D30B0245229EB88900F3B459 /* SavingTextEditViewController.swift in Sources */ = {isa = PBXBuildFile; fileRef = D30B0244229EB88900F3B459 /* SavingTextEditViewController.swift */; };
		D30BD4FC22A0B8C2007E1F31 /* Optional+Collection.swift in Sources */ = {isa = PBXBuildFile; fileRef = D30BD4FB22A0B8C2007E1F31 /* Optional+Collection.swift */; };
		D30D6B4E2549C44800F5902D /* CharacterSet+Extensions.swift in Sources */ = {isa = PBXBuildFile; fileRef = D30D6B462549C44700F5902D /* CharacterSet+Extensions.swift */; };
		D311774A25A4B67600E473FD /* README.md in Resources */ = {isa = PBXBuildFile; fileRef = D311774925A4B67600E473FD /* README.md */; };
		D311774E25A4B94E00E473FD /* Welcome.md in Resources */ = {isa = PBXBuildFile; fileRef = D311774825A4B66300E473FD /* Welcome.md */; };
		D311778A25AA384E00E473FD /* SceneDelegate.swift in Sources */ = {isa = PBXBuildFile; fileRef = D311778925AA384E00E473FD /* SceneDelegate.swift */; };
		D311787E25ACA14500E473FD /* DocumentBrowserViewController.swift in Sources */ = {isa = PBXBuildFile; fileRef = D311787D25ACA14500E473FD /* DocumentBrowserViewController.swift */; };
		D3131324269A1996004BBDBD /* StarRatingView.swift in Sources */ = {isa = PBXBuildFile; fileRef = D3131323269A1996004BBDBD /* StarRatingView.swift */; };
		D3131326269A2AD7004BBDBD /* BookView.swift in Sources */ = {isa = PBXBuildFile; fileRef = D3131325269A2AD7004BBDBD /* BookView.swift */; };
		D31A02B82676A33D00A60525 /* ParsedAttributedString+PlainText.swift in Sources */ = {isa = PBXBuildFile; fileRef = D31A02B72676A33D00A60525 /* ParsedAttributedString+PlainText.swift */; };
		D31AFAAD229D61EE00ED2B76 /* UIStackView+SetArrangedSubviews.swift in Sources */ = {isa = PBXBuildFile; fileRef = D31AFA79229D61E700ED2B76 /* UIStackView+SetArrangedSubviews.swift */; };
		D31AFAAE229D61EE00ED2B76 /* PromptView.swift in Sources */ = {isa = PBXBuildFile; fileRef = D31AFA7A229D61E800ED2B76 /* PromptView.swift */; };
		D31AFAB5229D61EE00ED2B76 /* TimeInterval+CommonIntervals.swift in Sources */ = {isa = PBXBuildFile; fileRef = D31AFA81229D61E800ED2B76 /* TimeInterval+CommonIntervals.swift */; };
		D31AFAB6229D61EE00ED2B76 /* CardDocumentProperties.swift in Sources */ = {isa = PBXBuildFile; fileRef = D31AFA82229D61E800ED2B76 /* CardDocumentProperties.swift */; };
		D31AFAB7229D61EE00ED2B76 /* Prompt.swift in Sources */ = {isa = PBXBuildFile; fileRef = D31AFA83229D61E800ED2B76 /* Prompt.swift */; };
		D31AFAB9229D61EE00ED2B76 /* ClosedRange+SwiftFlash.swift in Sources */ = {isa = PBXBuildFile; fileRef = D31AFA85229D61E800ED2B76 /* ClosedRange+SwiftFlash.swift */; };
		D31AFABB229D61EE00ED2B76 /* StudyViewController.swift in Sources */ = {isa = PBXBuildFile; fileRef = D31AFA87229D61E900ED2B76 /* StudyViewController.swift */; };
		D31AFABD229D61EE00ED2B76 /* LoadingViewController.swift in Sources */ = {isa = PBXBuildFile; fileRef = D31AFA89229D61E900ED2B76 /* LoadingViewController.swift */; };
		D31AFAC3229D61EE00ED2B76 /* String+Typography.swift in Sources */ = {isa = PBXBuildFile; fileRef = D31AFA8F229D61EB00ED2B76 /* String+Typography.swift */; };
		D31AFACA229D61EE00ED2B76 /* ClozePrompt.swift in Sources */ = {isa = PBXBuildFile; fileRef = D31AFA96229D61EB00ED2B76 /* ClozePrompt.swift */; };
		D31AFACB229D61EE00ED2B76 /* PromptCollection.swift in Sources */ = {isa = PBXBuildFile; fileRef = D31AFA97229D61EB00ED2B76 /* PromptCollection.swift */; };
		D31AFACF229D61EE00ED2B76 /* MetadataQuery.swift in Sources */ = {isa = PBXBuildFile; fileRef = D31AFA9B229D61EC00ED2B76 /* MetadataQuery.swift */; };
		D31AFAD0229D61EE00ED2B76 /* ClozePromptCollection.swift in Sources */ = {isa = PBXBuildFile; fileRef = D31AFA9C229D61EC00ED2B76 /* ClozePromptCollection.swift */; };
		D31AFAD3229D61EE00ED2B76 /* NSAttributedString+ChapterAndVerse.swift in Sources */ = {isa = PBXBuildFile; fileRef = D31AFA9F229D61EC00ED2B76 /* NSAttributedString+ChapterAndVerse.swift */; };
		D31AFAD5229D61EE00ED2B76 /* StudySession.swift in Sources */ = {isa = PBXBuildFile; fileRef = D31AFAA1229D61ED00ED2B76 /* StudySession.swift */; };
		D31AFAD6229D61EE00ED2B76 /* AnswerStatistics.swift in Sources */ = {isa = PBXBuildFile; fileRef = D31AFAA2229D61ED00ED2B76 /* AnswerStatistics.swift */; };
		D31AFAD8229D61EE00ED2B76 /* TwoSidedCardView.swift in Sources */ = {isa = PBXBuildFile; fileRef = D31AFAA4229D61ED00ED2B76 /* TwoSidedCardView.swift */; };
		D31AFAEB229D620B00ED2B76 /* String+TypographyTests.swift in Sources */ = {isa = PBXBuildFile; fileRef = D31AFAE1229D620B00ED2B76 /* String+TypographyTests.swift */; };
		D31AFAEF229D620B00ED2B76 /* ClozeTests.swift in Sources */ = {isa = PBXBuildFile; fileRef = D31AFAE5229D620B00ED2B76 /* ClozeTests.swift */; };
		D31D7CE02598CCC70083AB05 /* WebViewController.swift in Sources */ = {isa = PBXBuildFile; fileRef = D31D7CDF2598CCC70083AB05 /* WebViewController.swift */; };
		D32215ED26C40585000BA772 /* CodableCSV in Frameworks */ = {isa = PBXBuildFile; productRef = D32215EC26C40585000BA772 /* CodableCSV */; };
		D32215EF26C41108000BA772 /* SchedulingParameters+Standard.swift in Sources */ = {isa = PBXBuildFile; fileRef = D32215EE26C41108000BA772 /* SchedulingParameters+Standard.swift */; };
		D32215F126C41215000BA772 /* Sequence+DictionaryExtensions.swift in Sources */ = {isa = PBXBuildFile; fileRef = D32215F026C41215000BA772 /* Sequence+DictionaryExtensions.swift */; };
		D32215F326C41379000BA772 /* NoteDatabase+ImageStorage.swift in Sources */ = {isa = PBXBuildFile; fileRef = D32215F226C41379000BA772 /* NoteDatabase+ImageStorage.swift */; };
		D32215F526C413D3000BA772 /* ContentIdentifier.swift in Sources */ = {isa = PBXBuildFile; fileRef = D32215F426C413D3000BA772 /* ContentIdentifier.swift */; };
		D326464726821C53002C42A6 /* GrailDiaryGrammar+Styles.swift in Sources */ = {isa = PBXBuildFile; fileRef = D326464626821C53002C42A6 /* GrailDiaryGrammar+Styles.swift */; };
		D32A03B523007114002D17E7 /* DateComponentsFormatter+Document.swift in Sources */ = {isa = PBXBuildFile; fileRef = D32A03B423007114002D17E7 /* DateComponentsFormatter+Document.swift */; };
		D32A7A5B25A0B7B800950684 /* StringProtocol+Hashtag.swift in Sources */ = {isa = PBXBuildFile; fileRef = D32A7A5A25A0B7B800950684 /* StringProtocol+Hashtag.swift */; };
		D32A7A6025A0B99900950684 /* StringProtocol+HashtagTests.swift in Sources */ = {isa = PBXBuildFile; fileRef = D32A7A5F25A0B99900950684 /* StringProtocol+HashtagTests.swift */; };
		D32A7A6825A0C02C00950684 /* Sequence+AnySatisfy.swift in Sources */ = {isa = PBXBuildFile; fileRef = D32A7A6725A0C02C00950684 /* Sequence+AnySatisfy.swift */; };
		D32A7A7025A0CF1100950684 /* Note+RenameTests.swift in Sources */ = {isa = PBXBuildFile; fileRef = D32A7A6F25A0CF1100950684 /* Note+RenameTests.swift */; };
		D32A7A7525A0CF8200950684 /* NoteSqliteStorageTestBase.swift in Sources */ = {isa = PBXBuildFile; fileRef = D32A7A7425A0CF8200950684 /* NoteSqliteStorageTestBase.swift */; };
		D331457426628DAC00B4687F /* BookImporterViewController.swift in Sources */ = {isa = PBXBuildFile; fileRef = D331457326628DAC00B4687F /* BookImporterViewController.swift */; };
		D331457726628EA000B4687F /* ImportForm.swift in Sources */ = {isa = PBXBuildFile; fileRef = D331457626628EA000B4687F /* ImportForm.swift */; };
		D33145792662926C00B4687F /* DocumentPickerView.swift in Sources */ = {isa = PBXBuildFile; fileRef = D33145782662926C00B4687F /* DocumentPickerView.swift */; };
		D3331C8722F4EF11002B62AF /* StringProtocol+FuzzyMatch.swift in Sources */ = {isa = PBXBuildFile; fileRef = D3331C8622F4EF11002B62AF /* StringProtocol+FuzzyMatch.swift */; };
		D339C6FE21EB928700924178 /* QuotePrompt.swift in Sources */ = {isa = PBXBuildFile; fileRef = D339C6FD21EB928700924178 /* QuotePrompt.swift */; };
		D339C70021EB940900924178 /* QuoteTemplateTests.swift in Sources */ = {isa = PBXBuildFile; fileRef = D339C6FF21EB940900924178 /* QuoteTemplateTests.swift */; };
		D33F647922999138008C3A92 /* String+ParsingHelpers.swift in Sources */ = {isa = PBXBuildFile; fileRef = D33F647822999138008C3A92 /* String+ParsingHelpers.swift */; };
		D3446D4023FAF20400BC269A /* Note+TestContent.swift in Sources */ = {isa = PBXBuildFile; fileRef = D3446D3F23FAF20400BC269A /* Note+TestContent.swift */; };
		D348A97A21C6C586005CA937 /* FileNameGenerator.swift in Sources */ = {isa = PBXBuildFile; fileRef = D348A97921C6C586005CA937 /* FileNameGenerator.swift */; };
		D3558D7525D87F3000746600 /* BookSearchViewController.swift in Sources */ = {isa = PBXBuildFile; fileRef = D3558D7425D87F3000746600 /* BookSearchViewController.swift */; };
		D3558D7725D9741100746600 /* ImageCache.swift in Sources */ = {isa = PBXBuildFile; fileRef = D3558D7625D9741100746600 /* ImageCache.swift */; };
		D3558D7A25DA130900746600 /* ApiKey.swift in Sources */ = {isa = PBXBuildFile; fileRef = D3558D7925DA130900746600 /* ApiKey.swift */; };
		D3583278267F7443009D8F68 /* GrailDiaryGrammar.swift in Sources */ = {isa = PBXBuildFile; fileRef = D3583277267F7443009D8F68 /* GrailDiaryGrammar.swift */; };
		D358CC422688DC6D00C991DB /* BookKit in Frameworks */ = {isa = PBXBuildFile; productRef = D358CC412688DC6D00C991DB /* BookKit */; };
		D35C72C32189E0720082396D /* TextCollectionViewCell.swift in Sources */ = {isa = PBXBuildFile; fileRef = D35C72C22189E0720082396D /* TextCollectionViewCell.swift */; };
		D35C8B93259AF6F000A92CEB /* UIViewController+NavigationController.swift in Sources */ = {isa = PBXBuildFile; fileRef = D35C8B92259AF6F000A92CEB /* UIViewController+NavigationController.swift */; };
		D35C8BB9259E4BF200A92CEB /* ShareViewController.swift in Sources */ = {isa = PBXBuildFile; fileRef = D35C8BB8259E4BF200A92CEB /* ShareViewController.swift */; };
		D35C8BBC259E4BF200A92CEB /* MainInterface.storyboard in Resources */ = {isa = PBXBuildFile; fileRef = D35C8BBA259E4BF200A92CEB /* MainInterface.storyboard */; };
		D35C8BC0259E4BF200A92CEB /* SaveToGrailDiary.appex in Embed App Extensions */ = {isa = PBXBuildFile; fileRef = D35C8BB6259E4BF200A92CEB /* SaveToGrailDiary.appex */; settings = {ATTRIBUTES = (RemoveHeadersOnCopy, ); }; };
		D35C8BCA259E831600A92CEB /* SharedUserDefaults.swift in Sources */ = {isa = PBXBuildFile; fileRef = D35C8BC9259E831600A92CEB /* SharedUserDefaults.swift */; };
		D35C8BCF259E844700A92CEB /* SharedUserDefaults.swift in Sources */ = {isa = PBXBuildFile; fileRef = D35C8BC9259E831600A92CEB /* SharedUserDefaults.swift */; };
		D35D72B823F8CC2300BD23DD /* NoteSqliteStorageMergeTests.swift in Sources */ = {isa = PBXBuildFile; fileRef = D35D72B723F8CC2300BD23DD /* NoteSqliteStorageMergeTests.swift */; };
		D35DB41525D3748A00F558D8 /* Data+Image.swift in Sources */ = {isa = PBXBuildFile; fileRef = D35DB41425D3748A00F558D8 /* Data+Image.swift */; };
		D35E90C9230C755D00A46B3F /* UIApplication+Environment.swift in Sources */ = {isa = PBXBuildFile; fileRef = D35E90C8230C755D00A46B3F /* UIApplication+Environment.swift */; };
		D35EF05926876A2700F39E8E /* Book+Markdown.swift in Sources */ = {isa = PBXBuildFile; fileRef = D35EF05826876A2700F39E8E /* Book+Markdown.swift */; };
		D36214662334F607008C8FF4 /* LayoutManager.swift in Sources */ = {isa = PBXBuildFile; fileRef = D36214652334F607008C8FF4 /* LayoutManager.swift */; };
		D362999226B3236300AF8F23 /* BookNoteMetadata.swift in Sources */ = {isa = PBXBuildFile; fileRef = D362999126B3236300AF8F23 /* BookNoteMetadata.swift */; };
		D362CC2F25431C6E00462683 /* NotebookViewController.swift in Sources */ = {isa = PBXBuildFile; fileRef = D362CC2E25431C6E00462683 /* NotebookViewController.swift */; };
		D3677C772652A45F00307EEA /* NotebookSecondaryViewController.swift in Sources */ = {isa = PBXBuildFile; fileRef = D3677C762652A45F00307EEA /* NotebookSecondaryViewController.swift */; };
		D369182326BAD09F001EB512 /* Value+NoteModels.swift in Sources */ = {isa = PBXBuildFile; fileRef = D369182226BAD09F001EB512 /* Value+NoteModels.swift */; };
		D369182526BAD0E9001EB512 /* JSONEncoders.swift in Sources */ = {isa = PBXBuildFile; fileRef = D369182426BAD0E9001EB512 /* JSONEncoders.swift */; };
		D369182726BAD10A001EB512 /* Version+NoteModels.swift in Sources */ = {isa = PBXBuildFile; fileRef = D369182626BAD10A001EB512 /* Version+NoteModels.swift */; };
		D369182926BAD1E9001EB512 /* NoteDatabaseKey.swift in Sources */ = {isa = PBXBuildFile; fileRef = D369182826BAD1E9001EB512 /* NoteDatabaseKey.swift */; };
		D36ECC942426C25E0028D808 /* PanTranslationClassifier.swift in Sources */ = {isa = PBXBuildFile; fileRef = D36ECC932426C25E0028D808 /* PanTranslationClassifier.swift */; };
		D36ECC962426ED4D0028D808 /* CGVector+Extensions.swift in Sources */ = {isa = PBXBuildFile; fileRef = D36ECC952426ED4D0028D808 /* CGVector+Extensions.swift */; };
		D374AB56229380E500F54561 /* TemporaryFile.swift in Sources */ = {isa = PBXBuildFile; fileRef = D374AB55229380E500F54561 /* TemporaryFile.swift */; };
		D375D33C20ED9BEC00EAB4F0 /* DocumentListViewController.swift in Sources */ = {isa = PBXBuildFile; fileRef = D375D33B20ED9BEC00EAB4F0 /* DocumentListViewController.swift */; };
		D377818325DC0ADD004DD38F /* WebScrapingViewController.swift in Sources */ = {isa = PBXBuildFile; fileRef = D377818225DC0ADD004DD38F /* WebScrapingViewController.swift */; };
		D377818525DC2BCE004DD38F /* WebImporterConfiguration.swift in Sources */ = {isa = PBXBuildFile; fileRef = D377818425DC2BCE004DD38F /* WebImporterConfiguration.swift */; };
		D37B0DB923CD476D00F01D29 /* SpacedRepetitionScheduler in Frameworks */ = {isa = PBXBuildFile; productRef = D37B0DB823CD476D00F01D29 /* SpacedRepetitionScheduler */; };
		D37B0DBB23CDF79800F01D29 /* ChallengeTemplateMatcher.swift in Sources */ = {isa = PBXBuildFile; fileRef = D37B0DBA23CDF79800F01D29 /* ChallengeTemplateMatcher.swift */; };
		D37B0DBD23CE227900F01D29 /* Sequence+Set.swift in Sources */ = {isa = PBXBuildFile; fileRef = D37B0DBC23CE227900F01D29 /* Sequence+Set.swift */; };
		D37C887526B5C72600EC30C8 /* BookAndImage.swift in Sources */ = {isa = PBXBuildFile; fileRef = D37C887426B5C72600EC30C8 /* BookAndImage.swift */; };
		D37C887A26B5C9E900EC30C8 /* NoteDatabase.swift in Sources */ = {isa = PBXBuildFile; fileRef = D37C887926B5C9E900EC30C8 /* NoteDatabase.swift */; };
		D37C887E26B79E6200EC30C8 /* PromptCollectionInfo.swift in Sources */ = {isa = PBXBuildFile; fileRef = D37C887D26B79E6200EC30C8 /* PromptCollectionInfo.swift */; };
		D37C888026B79E7E00EC30C8 /* PromptStatistics.swift in Sources */ = {isa = PBXBuildFile; fileRef = D37C887F26B79E7E00EC30C8 /* PromptStatistics.swift */; };
		D37E6D38228DBC88006CD0FA /* CommonCrypto+Swift.swift in Sources */ = {isa = PBXBuildFile; fileRef = D37E6D37228DBC88006CD0FA /* CommonCrypto+Swift.swift */; };
		D37FF2B726BDE2A500E06747 /* KeyValueCRDT in Frameworks */ = {isa = PBXBuildFile; productRef = D37FF2B626BDE2A500E06747 /* KeyValueCRDT */; };
		D38862B423BB94FA00A44F1C /* Note.swift in Sources */ = {isa = PBXBuildFile; fileRef = D38862B323BB94FA00A44F1C /* Note.swift */; };
		D38862B623BE404300A44F1C /* Note+Markdown.swift in Sources */ = {isa = PBXBuildFile; fileRef = D38862B523BE404300A44F1C /* Note+Markdown.swift */; };
		D3A6EFAD20EE500D00AC428D /* FileMetadata.swift in Sources */ = {isa = PBXBuildFile; fileRef = D3A6EFAC20EE500D00AC428D /* FileMetadata.swift */; };
		D3A99ED422EDDCA7000D6DE2 /* DocumentTableController.swift in Sources */ = {isa = PBXBuildFile; fileRef = D3A99ED322EDDCA7000D6DE2 /* DocumentTableController.swift */; };
		D3AD01CC23BE7703004BB7DF /* NoteSqliteStorageTests.swift in Sources */ = {isa = PBXBuildFile; fileRef = D3AD01CB23BE7703004BB7DF /* NoteSqliteStorageTests.swift */; };
		D3B33240232FC55C00F0B710 /* QuestionAndAnswerPrompt.swift in Sources */ = {isa = PBXBuildFile; fileRef = D3B3323F232FC55C00F0B710 /* QuestionAndAnswerPrompt.swift */; };
		D3B8514E22AC0794004F3B95 /* Settings.bundle in Resources */ = {isa = PBXBuildFile; fileRef = D3B8514D22AC0794004F3B95 /* Settings.bundle */; };
		D3C0B5DC2650247900A33CCA /* QuotesViewController.swift in Sources */ = {isa = PBXBuildFile; fileRef = D3C0B5DB2650247900A33CCA /* QuotesViewController.swift */; };
		D3C1F403210E5AC400F92E85 /* CoreServices.framework in Frameworks */ = {isa = PBXBuildFile; fileRef = D3C1F402210E5AC400F92E85 /* CoreServices.framework */; };
		D3C5C7DE232E871F00A8BEDF /* QuestionAndAnswerTests.swift in Sources */ = {isa = PBXBuildFile; fileRef = D3C5C7DD232E871F00A8BEDF /* QuestionAndAnswerTests.swift */; };
		D3C5D26A214B1A7A0055F6B5 /* KeyboardInfo.swift in Sources */ = {isa = PBXBuildFile; fileRef = D3C5D269214B1A7A0055F6B5 /* KeyboardInfo.swift */; };
		D3D21876253A0BEE001DD2A3 /* NotebookStructureViewController.swift in Sources */ = {isa = PBXBuildFile; fileRef = D3D21875253A0BEE001DD2A3 /* NotebookStructureViewController.swift */; };
		D3D36892229C9A8000E4D062 /* Date+CloseEnough.swift in Sources */ = {isa = PBXBuildFile; fileRef = D3D36891229C9A8000E4D062 /* Date+CloseEnough.swift */; };
		D3D867B3259EA262008254DF /* Logging in Frameworks */ = {isa = PBXBuildFile; productRef = D3D867B2259EA262008254DF /* Logging */; };
		D3D867B9259F9FB8008254DF /* FileLogging in Frameworks */ = {isa = PBXBuildFile; productRef = D3D867B8259F9FB8008254DF /* FileLogging */; };
		D3DA1B872569E8AB009DC866 /* SnapKit in Frameworks */ = {isa = PBXBuildFile; productRef = D3DA1B862569E8AB009DC866 /* SnapKit */; };
		D3DC5EC320EC9B0100F0B74B /* AppDelegate.swift in Sources */ = {isa = PBXBuildFile; fileRef = D3DC5EC220EC9B0100F0B74B /* AppDelegate.swift */; };
		D3DC5ECC20EC9B0200F0B74B /* Assets.xcassets in Resources */ = {isa = PBXBuildFile; fileRef = D3DC5ECB20EC9B0200F0B74B /* Assets.xcassets */; };
		D3DC5ECF20EC9B0200F0B74B /* LaunchScreen.storyboard in Resources */ = {isa = PBXBuildFile; fileRef = D3DC5ECD20EC9B0200F0B74B /* LaunchScreen.storyboard */; };
		D3DC5EE520EC9F7500F0B74B /* TextEditViewController.swift in Sources */ = {isa = PBXBuildFile; fileRef = D3DC5EE420EC9F7500F0B74B /* TextEditViewController.swift */; };
		D3E8069F267FED4F009AA588 /* SummaryTests.swift in Sources */ = {isa = PBXBuildFile; fileRef = D3E8069E267FED4F009AA588 /* SummaryTests.swift */; };
		D3E806A2267FF900009AA588 /* TextMarkupKit in Frameworks */ = {isa = PBXBuildFile; productRef = D3E806A1267FF900009AA588 /* TextMarkupKit */; };
		D3E98EFC21D2F725008445DA /* ICloudFileMetadataProvider.swift in Sources */ = {isa = PBXBuildFile; fileRef = D3E98EFB21D2F725008445DA /* ICloudFileMetadataProvider.swift */; };
		D3E98EFE21D2F784008445DA /* DirectoryMetadataProvider.swift in Sources */ = {isa = PBXBuildFile; fileRef = D3E98EFD21D2F784008445DA /* DirectoryMetadataProvider.swift */; };
		D3E98F0621D470B2008445DA /* CommonplaceBookAppUITests.swift in Sources */ = {isa = PBXBuildFile; fileRef = D3E98F0521D470B2008445DA /* CommonplaceBookAppUITests.swift */; };
		D3E9B57C2564F92800E47375 /* StringProtocol+MiniMarkdown.swift in Sources */ = {isa = PBXBuildFile; fileRef = D3E9B57B2564F92800E47375 /* StringProtocol+MiniMarkdown.swift */; };
		D3E9B5842564FA2200E47375 /* Character+MiniMarkdown.swift in Sources */ = {isa = PBXBuildFile; fileRef = D3E9B5832564FA2200E47375 /* Character+MiniMarkdown.swift */; };
		D3E9B5952564FD4900E47375 /* Logging in Frameworks */ = {isa = PBXBuildFile; productRef = D3E9B5942564FD4900E47375 /* Logging */; };
		D3F4EDBE2662F51C001289EC /* BookImporter.swift in Sources */ = {isa = PBXBuildFile; fileRef = D3F4EDBD2662F51C001289EC /* BookImporter.swift */; };
		D3F4EDC0266515E1001289EC /* BookHeader.swift in Sources */ = {isa = PBXBuildFile; fileRef = D3F4EDBF266515E1001289EC /* BookHeader.swift */; };
		D3F4EDC42666B7CE001289EC /* ApplicationMimeType.swift in Sources */ = {isa = PBXBuildFile; fileRef = D3F4EDC32666B7CE001289EC /* ApplicationMimeType.swift */; };
		D3FBC62E241D4DF6005DA8C2 /* SemanticColor.swift in Sources */ = {isa = PBXBuildFile; fileRef = D3FBC62D241D4DF6005DA8C2 /* SemanticColor.swift */; };
		D541A9A021B0C07C0048182A /* FileMetadataTests.swift in Sources */ = {isa = PBXBuildFile; fileRef = D541A99F21B0C07C0048182A /* FileMetadataTests.swift */; };
		D59349FA21B1F0F50013A0C3 /* FileMetadataProvider.swift in Sources */ = {isa = PBXBuildFile; fileRef = D59349F921B1F0F50013A0C3 /* FileMetadataProvider.swift */; };
/* End PBXBuildFile section */

/* Begin PBXContainerItemProxy section */
		D35C8BBE259E4BF200A92CEB /* PBXContainerItemProxy */ = {
			isa = PBXContainerItemProxy;
			containerPortal = D3DC5EB720EC9B0100F0B74B /* Project object */;
			proxyType = 1;
			remoteGlobalIDString = D35C8BB5259E4BF200A92CEB;
			remoteInfo = SaveToGrailDiary;
		};
		D3DC5ED620EC9B0200F0B74B /* PBXContainerItemProxy */ = {
			isa = PBXContainerItemProxy;
			containerPortal = D3DC5EB720EC9B0100F0B74B /* Project object */;
			proxyType = 1;
			remoteGlobalIDString = D3DC5EBE20EC9B0100F0B74B;
			remoteInfo = CommonplaceBookApp;
		};
		D3E98F0821D470B2008445DA /* PBXContainerItemProxy */ = {
			isa = PBXContainerItemProxy;
			containerPortal = D3DC5EB720EC9B0100F0B74B /* Project object */;
			proxyType = 1;
			remoteGlobalIDString = D3DC5EBE20EC9B0100F0B74B;
			remoteInfo = CommonplaceBookApp;
		};
/* End PBXContainerItemProxy section */

/* Begin PBXCopyFilesBuildPhase section */
		D32A1BAA229D8A6200B78576 /* Embed Frameworks */ = {
			isa = PBXCopyFilesBuildPhase;
			buildActionMask = 2147483647;
			dstPath = "";
			dstSubfolderSpec = 10;
			files = (
			);
			name = "Embed Frameworks";
			runOnlyForDeploymentPostprocessing = 0;
		};
		D35C8BC2259E4BF200A92CEB /* Embed App Extensions */ = {
			isa = PBXCopyFilesBuildPhase;
			buildActionMask = 2147483647;
			dstPath = "";
			dstSubfolderSpec = 13;
			files = (
				D35C8BC0259E4BF200A92CEB /* SaveToGrailDiary.appex in Embed App Extensions */,
			);
			name = "Embed App Extensions";
			runOnlyForDeploymentPostprocessing = 0;
		};
/* End PBXCopyFilesBuildPhase section */

/* Begin PBXFileReference section */
		A8D2C034B73F8605B9C553FE /* Pods_CommonplaceBookApp.framework */ = {isa = PBXFileReference; explicitFileType = wrapper.framework; includeInIndex = 0; path = Pods_CommonplaceBookApp.framework; sourceTree = BUILT_PRODUCTS_DIR; };
		C2519F393D974710775AF26A /* Pods_CommonplaceBookAppTests.framework */ = {isa = PBXFileReference; explicitFileType = wrapper.framework; includeInIndex = 0; path = Pods_CommonplaceBookAppTests.framework; sourceTree = BUILT_PRODUCTS_DIR; };
		D304D3EA25BC8A6000178590 /* PredefinedFolder.swift */ = {isa = PBXFileReference; lastKnownFileType = sourcecode.swift; path = PredefinedFolder.swift; sourceTree = "<group>"; };
		D30B0242229E513C00F3B459 /* StudyLog.swift */ = {isa = PBXFileReference; lastKnownFileType = sourcecode.swift; path = StudyLog.swift; sourceTree = "<group>"; };
		D30B0244229EB88900F3B459 /* SavingTextEditViewController.swift */ = {isa = PBXFileReference; lastKnownFileType = sourcecode.swift; path = SavingTextEditViewController.swift; sourceTree = "<group>"; };
		D30BD4FB22A0B8C2007E1F31 /* Optional+Collection.swift */ = {isa = PBXFileReference; lastKnownFileType = sourcecode.swift; path = "Optional+Collection.swift"; sourceTree = "<group>"; };
		D30D6B462549C44700F5902D /* CharacterSet+Extensions.swift */ = {isa = PBXFileReference; fileEncoding = 4; lastKnownFileType = sourcecode.swift; path = "CharacterSet+Extensions.swift"; sourceTree = "<group>"; };
		D311774825A4B66300E473FD /* Welcome.md */ = {isa = PBXFileReference; lastKnownFileType = net.daringfireball.markdown; path = Welcome.md; sourceTree = "<group>"; };
		D311774925A4B67600E473FD /* README.md */ = {isa = PBXFileReference; fileEncoding = 4; lastKnownFileType = net.daringfireball.markdown; path = README.md; sourceTree = "<group>"; };
		D311778925AA384E00E473FD /* SceneDelegate.swift */ = {isa = PBXFileReference; lastKnownFileType = sourcecode.swift; path = SceneDelegate.swift; sourceTree = "<group>"; };
		D311787D25ACA14500E473FD /* DocumentBrowserViewController.swift */ = {isa = PBXFileReference; lastKnownFileType = sourcecode.swift; path = DocumentBrowserViewController.swift; sourceTree = "<group>"; };
		D3131323269A1996004BBDBD /* StarRatingView.swift */ = {isa = PBXFileReference; lastKnownFileType = sourcecode.swift; path = StarRatingView.swift; sourceTree = "<group>"; };
		D3131325269A2AD7004BBDBD /* BookView.swift */ = {isa = PBXFileReference; lastKnownFileType = sourcecode.swift; path = BookView.swift; sourceTree = "<group>"; };
		D31A02B72676A33D00A60525 /* ParsedAttributedString+PlainText.swift */ = {isa = PBXFileReference; lastKnownFileType = sourcecode.swift; path = "ParsedAttributedString+PlainText.swift"; sourceTree = "<group>"; };
		D31AFA79229D61E700ED2B76 /* UIStackView+SetArrangedSubviews.swift */ = {isa = PBXFileReference; fileEncoding = 4; lastKnownFileType = sourcecode.swift; path = "UIStackView+SetArrangedSubviews.swift"; sourceTree = "<group>"; };
		D31AFA7A229D61E800ED2B76 /* PromptView.swift */ = {isa = PBXFileReference; fileEncoding = 4; lastKnownFileType = sourcecode.swift; path = PromptView.swift; sourceTree = "<group>"; };
		D31AFA81229D61E800ED2B76 /* TimeInterval+CommonIntervals.swift */ = {isa = PBXFileReference; fileEncoding = 4; lastKnownFileType = sourcecode.swift; path = "TimeInterval+CommonIntervals.swift"; sourceTree = "<group>"; };
		D31AFA82229D61E800ED2B76 /* CardDocumentProperties.swift */ = {isa = PBXFileReference; fileEncoding = 4; lastKnownFileType = sourcecode.swift; path = CardDocumentProperties.swift; sourceTree = "<group>"; };
		D31AFA83229D61E800ED2B76 /* Prompt.swift */ = {isa = PBXFileReference; fileEncoding = 4; lastKnownFileType = sourcecode.swift; path = Prompt.swift; sourceTree = "<group>"; };
		D31AFA85229D61E800ED2B76 /* ClosedRange+SwiftFlash.swift */ = {isa = PBXFileReference; fileEncoding = 4; lastKnownFileType = sourcecode.swift; path = "ClosedRange+SwiftFlash.swift"; sourceTree = "<group>"; };
		D31AFA87229D61E900ED2B76 /* StudyViewController.swift */ = {isa = PBXFileReference; fileEncoding = 4; lastKnownFileType = sourcecode.swift; path = StudyViewController.swift; sourceTree = "<group>"; };
		D31AFA89229D61E900ED2B76 /* LoadingViewController.swift */ = {isa = PBXFileReference; fileEncoding = 4; lastKnownFileType = sourcecode.swift; path = LoadingViewController.swift; sourceTree = "<group>"; };
		D31AFA8F229D61EB00ED2B76 /* String+Typography.swift */ = {isa = PBXFileReference; fileEncoding = 4; lastKnownFileType = sourcecode.swift; path = "String+Typography.swift"; sourceTree = "<group>"; };
		D31AFA96229D61EB00ED2B76 /* ClozePrompt.swift */ = {isa = PBXFileReference; fileEncoding = 4; lastKnownFileType = sourcecode.swift; path = ClozePrompt.swift; sourceTree = "<group>"; };
		D31AFA97229D61EB00ED2B76 /* PromptCollection.swift */ = {isa = PBXFileReference; fileEncoding = 4; lastKnownFileType = sourcecode.swift; path = PromptCollection.swift; sourceTree = "<group>"; };
		D31AFA9B229D61EC00ED2B76 /* MetadataQuery.swift */ = {isa = PBXFileReference; fileEncoding = 4; lastKnownFileType = sourcecode.swift; path = MetadataQuery.swift; sourceTree = "<group>"; };
		D31AFA9C229D61EC00ED2B76 /* ClozePromptCollection.swift */ = {isa = PBXFileReference; fileEncoding = 4; lastKnownFileType = sourcecode.swift; path = ClozePromptCollection.swift; sourceTree = "<group>"; };
		D31AFA9F229D61EC00ED2B76 /* NSAttributedString+ChapterAndVerse.swift */ = {isa = PBXFileReference; fileEncoding = 4; lastKnownFileType = sourcecode.swift; path = "NSAttributedString+ChapterAndVerse.swift"; sourceTree = "<group>"; };
		D31AFAA1229D61ED00ED2B76 /* StudySession.swift */ = {isa = PBXFileReference; fileEncoding = 4; lastKnownFileType = sourcecode.swift; path = StudySession.swift; sourceTree = "<group>"; };
		D31AFAA2229D61ED00ED2B76 /* AnswerStatistics.swift */ = {isa = PBXFileReference; fileEncoding = 4; lastKnownFileType = sourcecode.swift; path = AnswerStatistics.swift; sourceTree = "<group>"; };
		D31AFAA4229D61ED00ED2B76 /* TwoSidedCardView.swift */ = {isa = PBXFileReference; fileEncoding = 4; lastKnownFileType = sourcecode.swift; path = TwoSidedCardView.swift; sourceTree = "<group>"; };
		D31AFAE1229D620B00ED2B76 /* String+TypographyTests.swift */ = {isa = PBXFileReference; fileEncoding = 4; lastKnownFileType = sourcecode.swift; path = "String+TypographyTests.swift"; sourceTree = "<group>"; };
		D31AFAE5229D620B00ED2B76 /* ClozeTests.swift */ = {isa = PBXFileReference; fileEncoding = 4; lastKnownFileType = sourcecode.swift; path = ClozeTests.swift; sourceTree = "<group>"; };
		D31D7CDF2598CCC70083AB05 /* WebViewController.swift */ = {isa = PBXFileReference; lastKnownFileType = sourcecode.swift; path = WebViewController.swift; sourceTree = "<group>"; };
		D32215EE26C41108000BA772 /* SchedulingParameters+Standard.swift */ = {isa = PBXFileReference; lastKnownFileType = sourcecode.swift; path = "SchedulingParameters+Standard.swift"; sourceTree = "<group>"; };
		D32215F026C41215000BA772 /* Sequence+DictionaryExtensions.swift */ = {isa = PBXFileReference; lastKnownFileType = sourcecode.swift; path = "Sequence+DictionaryExtensions.swift"; sourceTree = "<group>"; };
		D32215F226C41379000BA772 /* NoteDatabase+ImageStorage.swift */ = {isa = PBXFileReference; fileEncoding = 4; lastKnownFileType = sourcecode.swift; path = "NoteDatabase+ImageStorage.swift"; sourceTree = "<group>"; };
		D32215F426C413D3000BA772 /* ContentIdentifier.swift */ = {isa = PBXFileReference; fileEncoding = 4; lastKnownFileType = sourcecode.swift; path = ContentIdentifier.swift; sourceTree = "<group>"; };
		D326464626821C53002C42A6 /* GrailDiaryGrammar+Styles.swift */ = {isa = PBXFileReference; lastKnownFileType = sourcecode.swift; path = "GrailDiaryGrammar+Styles.swift"; sourceTree = "<group>"; };
		D32A03B423007114002D17E7 /* DateComponentsFormatter+Document.swift */ = {isa = PBXFileReference; lastKnownFileType = sourcecode.swift; path = "DateComponentsFormatter+Document.swift"; sourceTree = "<group>"; };
		D32A1BA1229D750F00B78576 /* DiffMatchPatch.framework */ = {isa = PBXFileReference; explicitFileType = wrapper.framework; path = DiffMatchPatch.framework; sourceTree = BUILT_PRODUCTS_DIR; };
		D32A1BAE229D8B1F00B78576 /* DiffMatchPatch.framework */ = {isa = PBXFileReference; lastKnownFileType = wrapper.framework; name = DiffMatchPatch.framework; path = "../../../Library/Developer/Xcode/DerivedData/CommonplaceBookApp-gpcujrqasfqkxnevrymugbeznyst/Build/Products/Debug-iphoneos/DiffMatchPatch.framework"; sourceTree = "<group>"; };
		D32A7A5A25A0B7B800950684 /* StringProtocol+Hashtag.swift */ = {isa = PBXFileReference; lastKnownFileType = sourcecode.swift; path = "StringProtocol+Hashtag.swift"; sourceTree = "<group>"; };
		D32A7A5F25A0B99900950684 /* StringProtocol+HashtagTests.swift */ = {isa = PBXFileReference; lastKnownFileType = sourcecode.swift; path = "StringProtocol+HashtagTests.swift"; sourceTree = "<group>"; };
		D32A7A6725A0C02C00950684 /* Sequence+AnySatisfy.swift */ = {isa = PBXFileReference; lastKnownFileType = sourcecode.swift; path = "Sequence+AnySatisfy.swift"; sourceTree = "<group>"; };
		D32A7A6F25A0CF1100950684 /* Note+RenameTests.swift */ = {isa = PBXFileReference; lastKnownFileType = sourcecode.swift; path = "Note+RenameTests.swift"; sourceTree = "<group>"; };
		D32A7A7425A0CF8200950684 /* NoteSqliteStorageTestBase.swift */ = {isa = PBXFileReference; lastKnownFileType = sourcecode.swift; path = NoteSqliteStorageTestBase.swift; sourceTree = "<group>"; };
		D331457326628DAC00B4687F /* BookImporterViewController.swift */ = {isa = PBXFileReference; lastKnownFileType = sourcecode.swift; path = BookImporterViewController.swift; sourceTree = "<group>"; };
		D331457626628EA000B4687F /* ImportForm.swift */ = {isa = PBXFileReference; lastKnownFileType = sourcecode.swift; path = ImportForm.swift; sourceTree = "<group>"; };
		D33145782662926C00B4687F /* DocumentPickerView.swift */ = {isa = PBXFileReference; lastKnownFileType = sourcecode.swift; path = DocumentPickerView.swift; sourceTree = "<group>"; };
		D3331C8622F4EF11002B62AF /* StringProtocol+FuzzyMatch.swift */ = {isa = PBXFileReference; lastKnownFileType = sourcecode.swift; path = "StringProtocol+FuzzyMatch.swift"; sourceTree = "<group>"; };
		D339C6FD21EB928700924178 /* QuotePrompt.swift */ = {isa = PBXFileReference; lastKnownFileType = sourcecode.swift; path = QuotePrompt.swift; sourceTree = "<group>"; };
		D339C6FF21EB940900924178 /* QuoteTemplateTests.swift */ = {isa = PBXFileReference; lastKnownFileType = sourcecode.swift; path = QuoteTemplateTests.swift; sourceTree = "<group>"; };
		D33F647822999138008C3A92 /* String+ParsingHelpers.swift */ = {isa = PBXFileReference; lastKnownFileType = sourcecode.swift; path = "String+ParsingHelpers.swift"; sourceTree = "<group>"; };
		D3446D3F23FAF20400BC269A /* Note+TestContent.swift */ = {isa = PBXFileReference; lastKnownFileType = sourcecode.swift; path = "Note+TestContent.swift"; sourceTree = "<group>"; };
		D348A97921C6C586005CA937 /* FileNameGenerator.swift */ = {isa = PBXFileReference; lastKnownFileType = sourcecode.swift; path = FileNameGenerator.swift; sourceTree = "<group>"; };
		D3558D7425D87F3000746600 /* BookSearchViewController.swift */ = {isa = PBXFileReference; lastKnownFileType = sourcecode.swift; path = BookSearchViewController.swift; sourceTree = "<group>"; };
		D3558D7625D9741100746600 /* ImageCache.swift */ = {isa = PBXFileReference; lastKnownFileType = sourcecode.swift; path = ImageCache.swift; sourceTree = "<group>"; };
		D3558D7825D9AFB700746600 /* Api.xcconfig */ = {isa = PBXFileReference; lastKnownFileType = text.xcconfig; path = Api.xcconfig; sourceTree = "<group>"; };
		D3558D7925DA130900746600 /* ApiKey.swift */ = {isa = PBXFileReference; lastKnownFileType = sourcecode.swift; path = ApiKey.swift; sourceTree = "<group>"; };
		D3583277267F7443009D8F68 /* GrailDiaryGrammar.swift */ = {isa = PBXFileReference; fileEncoding = 4; lastKnownFileType = sourcecode.swift; path = GrailDiaryGrammar.swift; sourceTree = "<group>"; };
		D35C72C22189E0720082396D /* TextCollectionViewCell.swift */ = {isa = PBXFileReference; lastKnownFileType = sourcecode.swift; path = TextCollectionViewCell.swift; sourceTree = "<group>"; };
		D35C8B92259AF6F000A92CEB /* UIViewController+NavigationController.swift */ = {isa = PBXFileReference; lastKnownFileType = sourcecode.swift; path = "UIViewController+NavigationController.swift"; sourceTree = "<group>"; };
		D35C8BB6259E4BF200A92CEB /* SaveToGrailDiary.appex */ = {isa = PBXFileReference; explicitFileType = "wrapper.app-extension"; includeInIndex = 0; path = SaveToGrailDiary.appex; sourceTree = BUILT_PRODUCTS_DIR; };
		D35C8BB8259E4BF200A92CEB /* ShareViewController.swift */ = {isa = PBXFileReference; lastKnownFileType = sourcecode.swift; path = ShareViewController.swift; sourceTree = "<group>"; };
		D35C8BBB259E4BF200A92CEB /* Base */ = {isa = PBXFileReference; lastKnownFileType = file.storyboard; name = Base; path = Base.lproj/MainInterface.storyboard; sourceTree = "<group>"; };
		D35C8BBD259E4BF200A92CEB /* Info.plist */ = {isa = PBXFileReference; lastKnownFileType = text.plist.xml; path = Info.plist; sourceTree = "<group>"; };
		D35C8BC1259E4BF200A92CEB /* SaveToGrailDiary.entitlements */ = {isa = PBXFileReference; lastKnownFileType = text.plist.entitlements; path = SaveToGrailDiary.entitlements; sourceTree = "<group>"; };
		D35C8BC9259E831600A92CEB /* SharedUserDefaults.swift */ = {isa = PBXFileReference; lastKnownFileType = sourcecode.swift; path = SharedUserDefaults.swift; sourceTree = "<group>"; };
		D35D72B723F8CC2300BD23DD /* NoteSqliteStorageMergeTests.swift */ = {isa = PBXFileReference; lastKnownFileType = sourcecode.swift; path = NoteSqliteStorageMergeTests.swift; sourceTree = "<group>"; };
		D35DB41425D3748A00F558D8 /* Data+Image.swift */ = {isa = PBXFileReference; lastKnownFileType = sourcecode.swift; path = "Data+Image.swift"; sourceTree = "<group>"; };
		D35E90C8230C755D00A46B3F /* UIApplication+Environment.swift */ = {isa = PBXFileReference; lastKnownFileType = sourcecode.swift; path = "UIApplication+Environment.swift"; sourceTree = "<group>"; };
		D35EF05826876A2700F39E8E /* Book+Markdown.swift */ = {isa = PBXFileReference; lastKnownFileType = sourcecode.swift; path = "Book+Markdown.swift"; sourceTree = "<group>"; };
		D36214652334F607008C8FF4 /* LayoutManager.swift */ = {isa = PBXFileReference; lastKnownFileType = sourcecode.swift; path = LayoutManager.swift; sourceTree = "<group>"; };
		D362999126B3236300AF8F23 /* BookNoteMetadata.swift */ = {isa = PBXFileReference; lastKnownFileType = sourcecode.swift; path = BookNoteMetadata.swift; sourceTree = "<group>"; };
		D362CC2E25431C6E00462683 /* NotebookViewController.swift */ = {isa = PBXFileReference; lastKnownFileType = sourcecode.swift; path = NotebookViewController.swift; sourceTree = "<group>"; };
		D3677C762652A45F00307EEA /* NotebookSecondaryViewController.swift */ = {isa = PBXFileReference; lastKnownFileType = sourcecode.swift; path = NotebookSecondaryViewController.swift; sourceTree = "<group>"; };
		D369182226BAD09F001EB512 /* Value+NoteModels.swift */ = {isa = PBXFileReference; lastKnownFileType = sourcecode.swift; path = "Value+NoteModels.swift"; sourceTree = "<group>"; };
		D369182426BAD0E9001EB512 /* JSONEncoders.swift */ = {isa = PBXFileReference; lastKnownFileType = sourcecode.swift; path = JSONEncoders.swift; sourceTree = "<group>"; };
		D369182626BAD10A001EB512 /* Version+NoteModels.swift */ = {isa = PBXFileReference; lastKnownFileType = sourcecode.swift; path = "Version+NoteModels.swift"; sourceTree = "<group>"; };
		D369182826BAD1E9001EB512 /* NoteDatabaseKey.swift */ = {isa = PBXFileReference; lastKnownFileType = sourcecode.swift; path = NoteDatabaseKey.swift; sourceTree = "<group>"; };
		D36ECC932426C25E0028D808 /* PanTranslationClassifier.swift */ = {isa = PBXFileReference; lastKnownFileType = sourcecode.swift; path = PanTranslationClassifier.swift; sourceTree = "<group>"; };
		D36ECC952426ED4D0028D808 /* CGVector+Extensions.swift */ = {isa = PBXFileReference; lastKnownFileType = sourcecode.swift; path = "CGVector+Extensions.swift"; sourceTree = "<group>"; };
		D374AB55229380E500F54561 /* TemporaryFile.swift */ = {isa = PBXFileReference; lastKnownFileType = sourcecode.swift; path = TemporaryFile.swift; sourceTree = "<group>"; };
		D374AB7D2296CC2600F54561 /* DiffMatchPatch.framework */ = {isa = PBXFileReference; explicitFileType = wrapper.framework; path = DiffMatchPatch.framework; sourceTree = BUILT_PRODUCTS_DIR; };
		D375D33B20ED9BEC00EAB4F0 /* DocumentListViewController.swift */ = {isa = PBXFileReference; lastKnownFileType = sourcecode.swift; path = DocumentListViewController.swift; sourceTree = "<group>"; };
		D375D33F20EDCE1700EAB4F0 /* CommonplaceBookApp.entitlements */ = {isa = PBXFileReference; lastKnownFileType = text.plist.entitlements; path = CommonplaceBookApp.entitlements; sourceTree = "<group>"; };
		D377818225DC0ADD004DD38F /* WebScrapingViewController.swift */ = {isa = PBXFileReference; lastKnownFileType = sourcecode.swift; path = WebScrapingViewController.swift; sourceTree = "<group>"; };
		D377818425DC2BCE004DD38F /* WebImporterConfiguration.swift */ = {isa = PBXFileReference; lastKnownFileType = sourcecode.swift; path = WebImporterConfiguration.swift; sourceTree = "<group>"; };
		D37B0DBA23CDF79800F01D29 /* ChallengeTemplateMatcher.swift */ = {isa = PBXFileReference; lastKnownFileType = sourcecode.swift; path = ChallengeTemplateMatcher.swift; sourceTree = "<group>"; };
		D37B0DBC23CE227900F01D29 /* Sequence+Set.swift */ = {isa = PBXFileReference; lastKnownFileType = sourcecode.swift; path = "Sequence+Set.swift"; sourceTree = "<group>"; };
		D37C887426B5C72600EC30C8 /* BookAndImage.swift */ = {isa = PBXFileReference; lastKnownFileType = sourcecode.swift; path = BookAndImage.swift; sourceTree = "<group>"; };
		D37C887926B5C9E900EC30C8 /* NoteDatabase.swift */ = {isa = PBXFileReference; lastKnownFileType = sourcecode.swift; path = NoteDatabase.swift; sourceTree = "<group>"; };
		D37C887D26B79E6200EC30C8 /* PromptCollectionInfo.swift */ = {isa = PBXFileReference; lastKnownFileType = sourcecode.swift; path = PromptCollectionInfo.swift; sourceTree = "<group>"; };
		D37C887F26B79E7E00EC30C8 /* PromptStatistics.swift */ = {isa = PBXFileReference; lastKnownFileType = sourcecode.swift; path = PromptStatistics.swift; sourceTree = "<group>"; };
		D37E6D37228DBC88006CD0FA /* CommonCrypto+Swift.swift */ = {isa = PBXFileReference; lastKnownFileType = sourcecode.swift; path = "CommonCrypto+Swift.swift"; sourceTree = "<group>"; };
		D38862B323BB94FA00A44F1C /* Note.swift */ = {isa = PBXFileReference; lastKnownFileType = sourcecode.swift; path = Note.swift; sourceTree = "<group>"; };
		D38862B523BE404300A44F1C /* Note+Markdown.swift */ = {isa = PBXFileReference; lastKnownFileType = sourcecode.swift; path = "Note+Markdown.swift"; sourceTree = "<group>"; };
		D3A6EFAC20EE500D00AC428D /* FileMetadata.swift */ = {isa = PBXFileReference; lastKnownFileType = sourcecode.swift; path = FileMetadata.swift; sourceTree = "<group>"; };
		D3A99ED322EDDCA7000D6DE2 /* DocumentTableController.swift */ = {isa = PBXFileReference; lastKnownFileType = sourcecode.swift; path = DocumentTableController.swift; sourceTree = "<group>"; };
		D3AD01CB23BE7703004BB7DF /* NoteSqliteStorageTests.swift */ = {isa = PBXFileReference; lastKnownFileType = sourcecode.swift; path = NoteSqliteStorageTests.swift; sourceTree = "<group>"; };
		D3B3323F232FC55C00F0B710 /* QuestionAndAnswerPrompt.swift */ = {isa = PBXFileReference; lastKnownFileType = sourcecode.swift; path = QuestionAndAnswerPrompt.swift; sourceTree = "<group>"; };
		D3B8514D22AC0794004F3B95 /* Settings.bundle */ = {isa = PBXFileReference; lastKnownFileType = "wrapper.plug-in"; path = Settings.bundle; sourceTree = "<group>"; };
		D3C0B5DB2650247900A33CCA /* QuotesViewController.swift */ = {isa = PBXFileReference; lastKnownFileType = sourcecode.swift; path = QuotesViewController.swift; sourceTree = "<group>"; };
		D3C1F402210E5AC400F92E85 /* CoreServices.framework */ = {isa = PBXFileReference; lastKnownFileType = wrapper.framework; name = CoreServices.framework; path = System/Library/Frameworks/CoreServices.framework; sourceTree = SDKROOT; };
		D3C5C7DD232E871F00A8BEDF /* QuestionAndAnswerTests.swift */ = {isa = PBXFileReference; lastKnownFileType = sourcecode.swift; path = QuestionAndAnswerTests.swift; sourceTree = "<group>"; };
		D3C5D269214B1A7A0055F6B5 /* KeyboardInfo.swift */ = {isa = PBXFileReference; lastKnownFileType = sourcecode.swift; path = KeyboardInfo.swift; sourceTree = "<group>"; };
		D3D21875253A0BEE001DD2A3 /* NotebookStructureViewController.swift */ = {isa = PBXFileReference; lastKnownFileType = sourcecode.swift; path = NotebookStructureViewController.swift; sourceTree = "<group>"; };
		D3D36891229C9A8000E4D062 /* Date+CloseEnough.swift */ = {isa = PBXFileReference; lastKnownFileType = sourcecode.swift; path = "Date+CloseEnough.swift"; sourceTree = "<group>"; };
		D3DC5EBF20EC9B0100F0B74B /* GrailDiary.app */ = {isa = PBXFileReference; explicitFileType = wrapper.application; includeInIndex = 0; path = GrailDiary.app; sourceTree = BUILT_PRODUCTS_DIR; };
		D3DC5EC220EC9B0100F0B74B /* AppDelegate.swift */ = {isa = PBXFileReference; lastKnownFileType = sourcecode.swift; path = AppDelegate.swift; sourceTree = "<group>"; };
		D3DC5ECB20EC9B0200F0B74B /* Assets.xcassets */ = {isa = PBXFileReference; lastKnownFileType = folder.assetcatalog; path = Assets.xcassets; sourceTree = "<group>"; };
		D3DC5ECE20EC9B0200F0B74B /* Base */ = {isa = PBXFileReference; lastKnownFileType = file.storyboard; name = Base; path = Base.lproj/LaunchScreen.storyboard; sourceTree = "<group>"; };
		D3DC5ED020EC9B0200F0B74B /* Info.plist */ = {isa = PBXFileReference; lastKnownFileType = text.plist.xml; path = Info.plist; sourceTree = "<group>"; };
		D3DC5ED520EC9B0200F0B74B /* CommonplaceBookAppTests.xctest */ = {isa = PBXFileReference; explicitFileType = wrapper.cfbundle; includeInIndex = 0; path = CommonplaceBookAppTests.xctest; sourceTree = BUILT_PRODUCTS_DIR; };
		D3DC5EDB20EC9B0200F0B74B /* Info.plist */ = {isa = PBXFileReference; lastKnownFileType = text.plist.xml; path = Info.plist; sourceTree = "<group>"; };
		D3DC5EE420EC9F7500F0B74B /* TextEditViewController.swift */ = {isa = PBXFileReference; lastKnownFileType = sourcecode.swift; path = TextEditViewController.swift; sourceTree = "<group>"; };
		D3E8069E267FED4F009AA588 /* SummaryTests.swift */ = {isa = PBXFileReference; lastKnownFileType = sourcecode.swift; path = SummaryTests.swift; sourceTree = "<group>"; };
		D3E98EFB21D2F725008445DA /* ICloudFileMetadataProvider.swift */ = {isa = PBXFileReference; lastKnownFileType = sourcecode.swift; path = ICloudFileMetadataProvider.swift; sourceTree = "<group>"; };
		D3E98EFD21D2F784008445DA /* DirectoryMetadataProvider.swift */ = {isa = PBXFileReference; lastKnownFileType = sourcecode.swift; path = DirectoryMetadataProvider.swift; sourceTree = "<group>"; };
		D3E98F0321D470B2008445DA /* CommonplaceBookAppUITests.xctest */ = {isa = PBXFileReference; explicitFileType = wrapper.cfbundle; includeInIndex = 0; path = CommonplaceBookAppUITests.xctest; sourceTree = BUILT_PRODUCTS_DIR; };
		D3E98F0521D470B2008445DA /* CommonplaceBookAppUITests.swift */ = {isa = PBXFileReference; lastKnownFileType = sourcecode.swift; path = CommonplaceBookAppUITests.swift; sourceTree = "<group>"; };
		D3E98F0721D470B2008445DA /* Info.plist */ = {isa = PBXFileReference; lastKnownFileType = text.plist.xml; path = Info.plist; sourceTree = "<group>"; };
		D3E9B57B2564F92800E47375 /* StringProtocol+MiniMarkdown.swift */ = {isa = PBXFileReference; fileEncoding = 4; lastKnownFileType = sourcecode.swift; path = "StringProtocol+MiniMarkdown.swift"; sourceTree = "<group>"; };
		D3E9B5832564FA2200E47375 /* Character+MiniMarkdown.swift */ = {isa = PBXFileReference; fileEncoding = 4; lastKnownFileType = sourcecode.swift; path = "Character+MiniMarkdown.swift"; sourceTree = "<group>"; };
		D3F4EDBD2662F51C001289EC /* BookImporter.swift */ = {isa = PBXFileReference; lastKnownFileType = sourcecode.swift; path = BookImporter.swift; sourceTree = "<group>"; };
		D3F4EDBF266515E1001289EC /* BookHeader.swift */ = {isa = PBXFileReference; lastKnownFileType = sourcecode.swift; path = BookHeader.swift; sourceTree = "<group>"; };
		D3F4EDC32666B7CE001289EC /* ApplicationMimeType.swift */ = {isa = PBXFileReference; lastKnownFileType = sourcecode.swift; path = ApplicationMimeType.swift; sourceTree = "<group>"; };
		D3FBC62D241D4DF6005DA8C2 /* SemanticColor.swift */ = {isa = PBXFileReference; lastKnownFileType = sourcecode.swift; path = SemanticColor.swift; sourceTree = "<group>"; };
		D541A99F21B0C07C0048182A /* FileMetadataTests.swift */ = {isa = PBXFileReference; lastKnownFileType = sourcecode.swift; path = FileMetadataTests.swift; sourceTree = "<group>"; };
		D59349F921B1F0F50013A0C3 /* FileMetadataProvider.swift */ = {isa = PBXFileReference; lastKnownFileType = sourcecode.swift; path = FileMetadataProvider.swift; sourceTree = "<group>"; };
/* End PBXFileReference section */

/* Begin PBXFrameworksBuildPhase section */
		D35C8BB3259E4BF200A92CEB /* Frameworks */ = {
			isa = PBXFrameworksBuildPhase;
			buildActionMask = 2147483647;
			files = (
				D3D867B3259EA262008254DF /* Logging in Frameworks */,
			);
			runOnlyForDeploymentPostprocessing = 0;
		};
		D3DC5EBC20EC9B0100F0B74B /* Frameworks */ = {
			isa = PBXFrameworksBuildPhase;
			buildActionMask = 2147483647;
			files = (
				D3E9B5952564FD4900E47375 /* Logging in Frameworks */,
				D37FF2B726BDE2A500E06747 /* KeyValueCRDT in Frameworks */,
				D3C1F403210E5AC400F92E85 /* CoreServices.framework in Frameworks */,
				D32215ED26C40585000BA772 /* CodableCSV in Frameworks */,
				D3E806A2267FF900009AA588 /* TextMarkupKit in Frameworks */,
				D3DA1B872569E8AB009DC866 /* SnapKit in Frameworks */,
				D358CC422688DC6D00C991DB /* BookKit in Frameworks */,
				D3D867B9259F9FB8008254DF /* FileLogging in Frameworks */,
				D37B0DB923CD476D00F01D29 /* SpacedRepetitionScheduler in Frameworks */,
			);
			runOnlyForDeploymentPostprocessing = 0;
		};
		D3DC5ED220EC9B0200F0B74B /* Frameworks */ = {
			isa = PBXFrameworksBuildPhase;
			buildActionMask = 2147483647;
			files = (
			);
			runOnlyForDeploymentPostprocessing = 0;
		};
		D3E98F0021D470B2008445DA /* Frameworks */ = {
			isa = PBXFrameworksBuildPhase;
			buildActionMask = 2147483647;
			files = (
			);
			runOnlyForDeploymentPostprocessing = 0;
		};
/* End PBXFrameworksBuildPhase section */

/* Begin PBXGroup section */
		0D695C07C08EFF8CC9D9B854 /* Frameworks */ = {
			isa = PBXGroup;
			children = (
				D32A1BA1229D750F00B78576 /* DiffMatchPatch.framework */,
				D374AB7D2296CC2600F54561 /* DiffMatchPatch.framework */,
				D32A1BAE229D8B1F00B78576 /* DiffMatchPatch.framework */,
				D3C1F402210E5AC400F92E85 /* CoreServices.framework */,
				A8D2C034B73F8605B9C553FE /* Pods_CommonplaceBookApp.framework */,
				C2519F393D974710775AF26A /* Pods_CommonplaceBookAppTests.framework */,
			);
			name = Frameworks;
			sourceTree = "<group>";
		};
		D311774725A4B64900E473FD /* Content */ = {
			isa = PBXGroup;
			children = (
				D311774825A4B66300E473FD /* Welcome.md */,
			);
			path = Content;
			sourceTree = "<group>";
		};
		D331457526628DCE00B4687F /* BookImporter */ = {
			isa = PBXGroup;
			children = (
				D331457326628DAC00B4687F /* BookImporterViewController.swift */,
				D331457626628EA000B4687F /* ImportForm.swift */,
				D33145782662926C00B4687F /* DocumentPickerView.swift */,
				D3F4EDBD2662F51C001289EC /* BookImporter.swift */,
			);
			path = BookImporter;
			sourceTree = "<group>";
		};
		D35C8BB7259E4BF200A92CEB /* SaveToGrailDiary */ = {
			isa = PBXGroup;
			children = (
				D35C8BC1259E4BF200A92CEB /* SaveToGrailDiary.entitlements */,
				D35C8BB8259E4BF200A92CEB /* ShareViewController.swift */,
				D35C8BBA259E4BF200A92CEB /* MainInterface.storyboard */,
				D35C8BBD259E4BF200A92CEB /* Info.plist */,
			);
			path = SaveToGrailDiary;
			sourceTree = "<group>";
		};
		D35C8BCE259E842E00A92CEB /* Shared */ = {
			isa = PBXGroup;
			children = (
				D35C8BC9259E831600A92CEB /* SharedUserDefaults.swift */,
			);
			path = Shared;
			sourceTree = "<group>";
		};
		D362999026B3234B00AF8F23 /* Models */ = {
			isa = PBXGroup;
			children = (
				D362999126B3236300AF8F23 /* BookNoteMetadata.swift */,
				D37C887426B5C72600EC30C8 /* BookAndImage.swift */,
				D37C887D26B79E6200EC30C8 /* PromptCollectionInfo.swift */,
				D37C887F26B79E7E00EC30C8 /* PromptStatistics.swift */,
			);
			path = Models;
			sourceTree = "<group>";
		};
		D37C887826B5C99D00EC30C8 /* KVCRDT */ = {
			isa = PBXGroup;
			children = (
				D369182426BAD0E9001EB512 /* JSONEncoders.swift */,
				D37C887926B5C9E900EC30C8 /* NoteDatabase.swift */,
				D369182826BAD1E9001EB512 /* NoteDatabaseKey.swift */,
				D369182226BAD09F001EB512 /* Value+NoteModels.swift */,
				D369182626BAD10A001EB512 /* Version+NoteModels.swift */,
			);
			path = KVCRDT;
			sourceTree = "<group>";
		};
		D3DC5EB620EC9B0100F0B74B = {
			isa = PBXGroup;
			children = (
				D3558D7825D9AFB700746600 /* Api.xcconfig */,
				D311774925A4B67600E473FD /* README.md */,
				D311774725A4B64900E473FD /* Content */,
				D35C8BCE259E842E00A92CEB /* Shared */,
				D3DC5EC120EC9B0100F0B74B /* GrailDiary */,
				D3DC5ED820EC9B0200F0B74B /* GrailDiaryTests */,
				D3E98F0421D470B2008445DA /* GrailDiaryUITests */,
				D35C8BB7259E4BF200A92CEB /* SaveToGrailDiary */,
				D3DC5EC020EC9B0100F0B74B /* Products */,
				0D695C07C08EFF8CC9D9B854 /* Frameworks */,
			);
			indentWidth = 2;
			sourceTree = "<group>";
			tabWidth = 2;
		};
		D3DC5EC020EC9B0100F0B74B /* Products */ = {
			isa = PBXGroup;
			children = (
				D3DC5EBF20EC9B0100F0B74B /* GrailDiary.app */,
				D3DC5ED520EC9B0200F0B74B /* CommonplaceBookAppTests.xctest */,
				D3E98F0321D470B2008445DA /* CommonplaceBookAppUITests.xctest */,
				D35C8BB6259E4BF200A92CEB /* SaveToGrailDiary.appex */,
			);
			name = Products;
			sourceTree = "<group>";
		};
		D3DC5EC120EC9B0100F0B74B /* GrailDiary */ = {
			isa = PBXGroup;
			children = (
				D31AFAA2229D61ED00ED2B76 /* AnswerStatistics.swift */,
				D3558D7925DA130900746600 /* ApiKey.swift */,
				D3DC5EC220EC9B0100F0B74B /* AppDelegate.swift */,
				D3F4EDC32666B7CE001289EC /* ApplicationMimeType.swift */,
				D3DC5ECB20EC9B0200F0B74B /* Assets.xcassets */,
				D35EF05826876A2700F39E8E /* Book+Markdown.swift */,
				D3F4EDBF266515E1001289EC /* BookHeader.swift */,
				D331457526628DCE00B4687F /* BookImporter */,
				D3558D7425D87F3000746600 /* BookSearchViewController.swift */,
				D3131325269A2AD7004BBDBD /* BookView.swift */,
				D31AFA82229D61E800ED2B76 /* CardDocumentProperties.swift */,
				D36ECC952426ED4D0028D808 /* CGVector+Extensions.swift */,
				D37B0DBA23CDF79800F01D29 /* ChallengeTemplateMatcher.swift */,
				D3E9B5832564FA2200E47375 /* Character+MiniMarkdown.swift */,
				D30D6B462549C44700F5902D /* CharacterSet+Extensions.swift */,
				D31AFA85229D61E800ED2B76 /* ClosedRange+SwiftFlash.swift */,
				D31AFA96229D61EB00ED2B76 /* ClozePrompt.swift */,
				D31AFA9C229D61EC00ED2B76 /* ClozePromptCollection.swift */,
				D37E6D37228DBC88006CD0FA /* CommonCrypto+Swift.swift */,
				D375D33F20EDCE1700EAB4F0 /* CommonplaceBookApp.entitlements */,
				D32215F426C413D3000BA772 /* ContentIdentifier.swift */,
				D35DB41425D3748A00F558D8 /* Data+Image.swift */,
				D3D36891229C9A8000E4D062 /* Date+CloseEnough.swift */,
				D32A03B423007114002D17E7 /* DateComponentsFormatter+Document.swift */,
				D3E98EFD21D2F784008445DA /* DirectoryMetadataProvider.swift */,
				D311787D25ACA14500E473FD /* DocumentBrowserViewController.swift */,
				D375D33B20ED9BEC00EAB4F0 /* DocumentListViewController.swift */,
				D3A99ED322EDDCA7000D6DE2 /* DocumentTableController.swift */,
				D3A6EFAC20EE500D00AC428D /* FileMetadata.swift */,
				D59349F921B1F0F50013A0C3 /* FileMetadataProvider.swift */,
				D348A97921C6C586005CA937 /* FileNameGenerator.swift */,
				D3583277267F7443009D8F68 /* GrailDiaryGrammar.swift */,
				D326464626821C53002C42A6 /* GrailDiaryGrammar+Styles.swift */,
				D3E98EFB21D2F725008445DA /* ICloudFileMetadataProvider.swift */,
				D3558D7625D9741100746600 /* ImageCache.swift */,
				D3DC5ED020EC9B0200F0B74B /* Info.plist */,
				D3C5D269214B1A7A0055F6B5 /* KeyboardInfo.swift */,
				D37C887826B5C99D00EC30C8 /* KVCRDT */,
				D3DC5ECD20EC9B0200F0B74B /* LaunchScreen.storyboard */,
				D36214652334F607008C8FF4 /* LayoutManager.swift */,
				D31AFA89229D61E900ED2B76 /* LoadingViewController.swift */,
				D31AFA9B229D61EC00ED2B76 /* MetadataQuery.swift */,
				D362999026B3234B00AF8F23 /* Models */,
				D38862B323BB94FA00A44F1C /* Note.swift */,
				D38862B523BE404300A44F1C /* Note+Markdown.swift */,
				D3677C762652A45F00307EEA /* NotebookSecondaryViewController.swift */,
				D3D21875253A0BEE001DD2A3 /* NotebookStructureViewController.swift */,
				D362CC2E25431C6E00462683 /* NotebookViewController.swift */,
				D32215F226C41379000BA772 /* NoteDatabase+ImageStorage.swift */,
				D31AFA9F229D61EC00ED2B76 /* NSAttributedString+ChapterAndVerse.swift */,
				D30BD4FB22A0B8C2007E1F31 /* Optional+Collection.swift */,
				D36ECC932426C25E0028D808 /* PanTranslationClassifier.swift */,
				D31A02B72676A33D00A60525 /* ParsedAttributedString+PlainText.swift */,
				D304D3EA25BC8A6000178590 /* PredefinedFolder.swift */,
				D31AFA83229D61E800ED2B76 /* Prompt.swift */,
				D31AFA97229D61EB00ED2B76 /* PromptCollection.swift */,
				D31AFA7A229D61E800ED2B76 /* PromptView.swift */,
				D3B3323F232FC55C00F0B710 /* QuestionAndAnswerPrompt.swift */,
				D339C6FD21EB928700924178 /* QuotePrompt.swift */,
				D3C0B5DB2650247900A33CCA /* QuotesViewController.swift */,
				D30B0244229EB88900F3B459 /* SavingTextEditViewController.swift */,
				D311778925AA384E00E473FD /* SceneDelegate.swift */,
				D32215EE26C41108000BA772 /* SchedulingParameters+Standard.swift */,
				D3FBC62D241D4DF6005DA8C2 /* SemanticColor.swift */,
				D32A7A6725A0C02C00950684 /* Sequence+AnySatisfy.swift */,
				D32215F026C41215000BA772 /* Sequence+DictionaryExtensions.swift */,
				D37B0DBC23CE227900F01D29 /* Sequence+Set.swift */,
				D3B8514D22AC0794004F3B95 /* Settings.bundle */,
				D3131323269A1996004BBDBD /* StarRatingView.swift */,
				D33F647822999138008C3A92 /* String+ParsingHelpers.swift */,
				D31AFA8F229D61EB00ED2B76 /* String+Typography.swift */,
				D3331C8622F4EF11002B62AF /* StringProtocol+FuzzyMatch.swift */,
				D32A7A5A25A0B7B800950684 /* StringProtocol+Hashtag.swift */,
				D3E9B57B2564F92800E47375 /* StringProtocol+MiniMarkdown.swift */,
				D30B0242229E513C00F3B459 /* StudyLog.swift */,
				D31AFAA1229D61ED00ED2B76 /* StudySession.swift */,
				D31AFA87229D61E900ED2B76 /* StudyViewController.swift */,
				D35C72C22189E0720082396D /* TextCollectionViewCell.swift */,
				D3DC5EE420EC9F7500F0B74B /* TextEditViewController.swift */,
				D31AFA81229D61E800ED2B76 /* TimeInterval+CommonIntervals.swift */,
				D31AFAA4229D61ED00ED2B76 /* TwoSidedCardView.swift */,
				D35E90C8230C755D00A46B3F /* UIApplication+Environment.swift */,
				D31AFA79229D61E700ED2B76 /* UIStackView+SetArrangedSubviews.swift */,
				D35C8B92259AF6F000A92CEB /* UIViewController+NavigationController.swift */,
				D377818425DC2BCE004DD38F /* WebImporterConfiguration.swift */,
				D377818225DC0ADD004DD38F /* WebScrapingViewController.swift */,
				D31D7CDF2598CCC70083AB05 /* WebViewController.swift */,
			);
			path = GrailDiary;
			sourceTree = "<group>";
		};
		D3DC5ED820EC9B0200F0B74B /* GrailDiaryTests */ = {
			isa = PBXGroup;
			children = (
				D31AFAE5229D620B00ED2B76 /* ClozeTests.swift */,
				D541A99F21B0C07C0048182A /* FileMetadataTests.swift */,
				D3DC5EDB20EC9B0200F0B74B /* Info.plist */,
				D32A7A6F25A0CF1100950684 /* Note+RenameTests.swift */,
				D3446D3F23FAF20400BC269A /* Note+TestContent.swift */,
				D35D72B723F8CC2300BD23DD /* NoteSqliteStorageMergeTests.swift */,
				D32A7A7425A0CF8200950684 /* NoteSqliteStorageTestBase.swift */,
				D3AD01CB23BE7703004BB7DF /* NoteSqliteStorageTests.swift */,
				D3C5C7DD232E871F00A8BEDF /* QuestionAndAnswerTests.swift */,
				D339C6FF21EB940900924178 /* QuoteTemplateTests.swift */,
				D31AFAE1229D620B00ED2B76 /* String+TypographyTests.swift */,
				D32A7A5F25A0B99900950684 /* StringProtocol+HashtagTests.swift */,
				D3E8069E267FED4F009AA588 /* SummaryTests.swift */,
				D374AB55229380E500F54561 /* TemporaryFile.swift */,
			);
			path = GrailDiaryTests;
			sourceTree = "<group>";
		};
		D3E98F0421D470B2008445DA /* GrailDiaryUITests */ = {
			isa = PBXGroup;
			children = (
				D3E98F0521D470B2008445DA /* CommonplaceBookAppUITests.swift */,
				D3E98F0721D470B2008445DA /* Info.plist */,
			);
			path = GrailDiaryUITests;
			sourceTree = "<group>";
		};
/* End PBXGroup section */

/* Begin PBXNativeTarget section */
		D35C8BB5259E4BF200A92CEB /* SaveToGrailDiary */ = {
			isa = PBXNativeTarget;
			buildConfigurationList = D35C8BC5259E4BF200A92CEB /* Build configuration list for PBXNativeTarget "SaveToGrailDiary" */;
			buildPhases = (
				D35C8BB2259E4BF200A92CEB /* Sources */,
				D35C8BB3259E4BF200A92CEB /* Frameworks */,
				D35C8BB4259E4BF200A92CEB /* Resources */,
			);
			buildRules = (
			);
			dependencies = (
			);
			name = SaveToGrailDiary;
			packageProductDependencies = (
				D3D867B2259EA262008254DF /* Logging */,
			);
			productName = SaveToGrailDiary;
			productReference = D35C8BB6259E4BF200A92CEB /* SaveToGrailDiary.appex */;
			productType = "com.apple.product-type.app-extension";
		};
		D3DC5EBE20EC9B0100F0B74B /* GrailDiary */ = {
			isa = PBXNativeTarget;
			buildConfigurationList = D3DC5EDE20EC9B0200F0B74B /* Build configuration list for PBXNativeTarget "GrailDiary" */;
			buildPhases = (
				D3DC5EBB20EC9B0100F0B74B /* Sources */,
				D3DC5EBC20EC9B0100F0B74B /* Frameworks */,
				D3DC5EBD20EC9B0100F0B74B /* Resources */,
				D318C0FC2148707D00B035A1 /* ShellScript */,
				D32A1BAA229D8A6200B78576 /* Embed Frameworks */,
				D35C8BC2259E4BF200A92CEB /* Embed App Extensions */,
			);
			buildRules = (
			);
			dependencies = (
				D35C8BBF259E4BF200A92CEB /* PBXTargetDependency */,
			);
			name = GrailDiary;
			packageProductDependencies = (
				D37B0DB823CD476D00F01D29 /* SpacedRepetitionScheduler */,
				D3E9B5942564FD4900E47375 /* Logging */,
				D3DA1B862569E8AB009DC866 /* SnapKit */,
				D3D867B8259F9FB8008254DF /* FileLogging */,
				D3E806A1267FF900009AA588 /* TextMarkupKit */,
				D358CC412688DC6D00C991DB /* BookKit */,
				D37FF2B626BDE2A500E06747 /* KeyValueCRDT */,
				D32215EC26C40585000BA772 /* CodableCSV */,
			);
			productName = CommonplaceBookApp;
			productReference = D3DC5EBF20EC9B0100F0B74B /* GrailDiary.app */;
			productType = "com.apple.product-type.application";
		};
		D3DC5ED420EC9B0200F0B74B /* CommonplaceBookAppTests */ = {
			isa = PBXNativeTarget;
			buildConfigurationList = D3DC5EE120EC9B0200F0B74B /* Build configuration list for PBXNativeTarget "CommonplaceBookAppTests" */;
			buildPhases = (
				D3DC5ED120EC9B0200F0B74B /* Sources */,
				D3DC5ED220EC9B0200F0B74B /* Frameworks */,
				D3DC5ED320EC9B0200F0B74B /* Resources */,
			);
			buildRules = (
			);
			dependencies = (
				D3DC5ED720EC9B0200F0B74B /* PBXTargetDependency */,
			);
			name = CommonplaceBookAppTests;
			packageProductDependencies = (
			);
			productName = CommonplaceBookAppTests;
			productReference = D3DC5ED520EC9B0200F0B74B /* CommonplaceBookAppTests.xctest */;
			productType = "com.apple.product-type.bundle.unit-test";
		};
		D3E98F0221D470B2008445DA /* CommonplaceBookAppUITests */ = {
			isa = PBXNativeTarget;
			buildConfigurationList = D3E98F0A21D470B2008445DA /* Build configuration list for PBXNativeTarget "CommonplaceBookAppUITests" */;
			buildPhases = (
				D3E98EFF21D470B2008445DA /* Sources */,
				D3E98F0021D470B2008445DA /* Frameworks */,
				D3E98F0121D470B2008445DA /* Resources */,
			);
			buildRules = (
			);
			dependencies = (
				D3E98F0921D470B2008445DA /* PBXTargetDependency */,
			);
			name = CommonplaceBookAppUITests;
			productName = CommonplaceBookAppUITests;
			productReference = D3E98F0321D470B2008445DA /* CommonplaceBookAppUITests.xctest */;
			productType = "com.apple.product-type.bundle.ui-testing";
		};
/* End PBXNativeTarget section */

/* Begin PBXProject section */
		D3DC5EB720EC9B0100F0B74B /* Project object */ = {
			isa = PBXProject;
			attributes = {
				LastSwiftUpdateCheck = 1230;
				LastUpgradeCheck = 1220;
				ORGANIZATIONNAME = "Brian's Brain";
				TargetAttributes = {
					D35C8BB5259E4BF200A92CEB = {
						CreatedOnToolsVersion = 12.3;
					};
					D3DC5EBE20EC9B0100F0B74B = {
						CreatedOnToolsVersion = 10.0;
						LastSwiftMigration = 1210;
						SystemCapabilities = {
							com.apple.Push = {
								enabled = 1;
							};
							com.apple.iCloud = {
								enabled = 1;
							};
						};
					};
					D3DC5ED420EC9B0200F0B74B = {
						CreatedOnToolsVersion = 10.0;
						LastSwiftMigration = 1000;
						TestTargetID = D3DC5EBE20EC9B0100F0B74B;
					};
					D3E98F0221D470B2008445DA = {
						CreatedOnToolsVersion = 10.1;
						TestTargetID = D3DC5EBE20EC9B0100F0B74B;
					};
				};
			};
			buildConfigurationList = D3DC5EBA20EC9B0100F0B74B /* Build configuration list for PBXProject "GrailDiary" */;
			compatibilityVersion = "Xcode 9.3";
			developmentRegion = en;
			hasScannedForEncodings = 0;
			knownRegions = (
				en,
				Base,
			);
			mainGroup = D3DC5EB620EC9B0100F0B74B;
			packageReferences = (
				D37B0DB723CD476C00F01D29 /* XCRemoteSwiftPackageReference "SpacedRepetitionScheduler" */,
				D3E9B5932564FD4900E47375 /* XCRemoteSwiftPackageReference "swift-log" */,
				D3DA1B852569E8AB009DC866 /* XCRemoteSwiftPackageReference "SnapKit" */,
				D3D867B7259F9FB8008254DF /* XCRemoteSwiftPackageReference "swift-log-file" */,
				D3E806A0267FF900009AA588 /* XCRemoteSwiftPackageReference "TextMarkupKit" */,
				D358CC402688DC6D00C991DB /* XCRemoteSwiftPackageReference "BookKit" */,
				D369182A26BDDFC6001EB512 /* XCRemoteSwiftPackageReference "KeyValueCRDT" */,
				D32215EB26C40585000BA772 /* XCRemoteSwiftPackageReference "CodableCSV" */,
			);
			productRefGroup = D3DC5EC020EC9B0100F0B74B /* Products */;
			projectDirPath = "";
			projectRoot = "";
			targets = (
				D3DC5EBE20EC9B0100F0B74B /* GrailDiary */,
				D3DC5ED420EC9B0200F0B74B /* CommonplaceBookAppTests */,
				D3E98F0221D470B2008445DA /* CommonplaceBookAppUITests */,
				D35C8BB5259E4BF200A92CEB /* SaveToGrailDiary */,
			);
		};
/* End PBXProject section */

/* Begin PBXResourcesBuildPhase section */
		D35C8BB4259E4BF200A92CEB /* Resources */ = {
			isa = PBXResourcesBuildPhase;
			buildActionMask = 2147483647;
			files = (
				D35C8BBC259E4BF200A92CEB /* MainInterface.storyboard in Resources */,
			);
			runOnlyForDeploymentPostprocessing = 0;
		};
		D3DC5EBD20EC9B0100F0B74B /* Resources */ = {
			isa = PBXResourcesBuildPhase;
			buildActionMask = 2147483647;
			files = (
				D311774E25A4B94E00E473FD /* Welcome.md in Resources */,
				D3DC5ECF20EC9B0200F0B74B /* LaunchScreen.storyboard in Resources */,
				D3B8514E22AC0794004F3B95 /* Settings.bundle in Resources */,
				D3DC5ECC20EC9B0200F0B74B /* Assets.xcassets in Resources */,
				D311774A25A4B67600E473FD /* README.md in Resources */,
			);
			runOnlyForDeploymentPostprocessing = 0;
		};
		D3DC5ED320EC9B0200F0B74B /* Resources */ = {
			isa = PBXResourcesBuildPhase;
			buildActionMask = 2147483647;
			files = (
			);
			runOnlyForDeploymentPostprocessing = 0;
		};
		D3E98F0121D470B2008445DA /* Resources */ = {
			isa = PBXResourcesBuildPhase;
			buildActionMask = 2147483647;
			files = (
			);
			runOnlyForDeploymentPostprocessing = 0;
		};
/* End PBXResourcesBuildPhase section */

/* Begin PBXShellScriptBuildPhase section */
		D318C0FC2148707D00B035A1 /* ShellScript */ = {
			isa = PBXShellScriptBuildPhase;
			buildActionMask = 2147483647;
			files = (
			);
			inputPaths = (
			);
			outputPaths = (
			);
			runOnlyForDeploymentPostprocessing = 0;
			shellPath = /bin/sh;
			shellScript = "if which swiftlint >/dev/null; then\n  swiftlint\nelse\n  echo \"warning: SwiftLint not installed, download from https://github.com/realm/SwiftLint\"\nfi\n";
		};
/* End PBXShellScriptBuildPhase section */

/* Begin PBXSourcesBuildPhase section */
		D35C8BB2259E4BF200A92CEB /* Sources */ = {
			isa = PBXSourcesBuildPhase;
			buildActionMask = 2147483647;
			files = (
				D35C8BB9259E4BF200A92CEB /* ShareViewController.swift in Sources */,
				D35C8BCF259E844700A92CEB /* SharedUserDefaults.swift in Sources */,
			);
			runOnlyForDeploymentPostprocessing = 0;
		};
		D3DC5EBB20EC9B0100F0B74B /* Sources */ = {
			isa = PBXSourcesBuildPhase;
			buildActionMask = 2147483647;
			files = (
				D326464726821C53002C42A6 /* GrailDiaryGrammar+Styles.swift in Sources */,
				D30B0245229EB88900F3B459 /* SavingTextEditViewController.swift in Sources */,
				D3F4EDC42666B7CE001289EC /* ApplicationMimeType.swift in Sources */,
				D311778A25AA384E00E473FD /* SceneDelegate.swift in Sources */,
				D32215F526C413D3000BA772 /* ContentIdentifier.swift in Sources */,
				D32A7A6825A0C02C00950684 /* Sequence+AnySatisfy.swift in Sources */,
				D3DC5EE520EC9F7500F0B74B /* TextEditViewController.swift in Sources */,
				D38862B623BE404300A44F1C /* Note+Markdown.swift in Sources */,
				D30D6B4E2549C44800F5902D /* CharacterSet+Extensions.swift in Sources */,
				D362999226B3236300AF8F23 /* BookNoteMetadata.swift in Sources */,
				D31AFACB229D61EE00ED2B76 /* PromptCollection.swift in Sources */,
				D3E98EFE21D2F784008445DA /* DirectoryMetadataProvider.swift in Sources */,
				D32215EF26C41108000BA772 /* SchedulingParameters+Standard.swift in Sources */,
				D37B0DBD23CE227900F01D29 /* Sequence+Set.swift in Sources */,
				D3D36892229C9A8000E4D062 /* Date+CloseEnough.swift in Sources */,
				D3F4EDC0266515E1001289EC /* BookHeader.swift in Sources */,
				D35C72C32189E0720082396D /* TextCollectionViewCell.swift in Sources */,
				D36ECC942426C25E0028D808 /* PanTranslationClassifier.swift in Sources */,
				D37B0DBB23CDF79800F01D29 /* ChallengeTemplateMatcher.swift in Sources */,
				D348A97A21C6C586005CA937 /* FileNameGenerator.swift in Sources */,
				D3677C772652A45F00307EEA /* NotebookSecondaryViewController.swift in Sources */,
				D35C8BCA259E831600A92CEB /* SharedUserDefaults.swift in Sources */,
				D36214662334F607008C8FF4 /* LayoutManager.swift in Sources */,
				D31AFAC3229D61EE00ED2B76 /* String+Typography.swift in Sources */,
				D31D7CE02598CCC70083AB05 /* WebViewController.swift in Sources */,
				D3B33240232FC55C00F0B710 /* QuestionAndAnswerPrompt.swift in Sources */,
				D31AFAB5229D61EE00ED2B76 /* TimeInterval+CommonIntervals.swift in Sources */,
				D369182326BAD09F001EB512 /* Value+NoteModels.swift in Sources */,
				D331457426628DAC00B4687F /* BookImporterViewController.swift in Sources */,
				D339C6FE21EB928700924178 /* QuotePrompt.swift in Sources */,
				D3DC5EC320EC9B0100F0B74B /* AppDelegate.swift in Sources */,
				D31AFAB6229D61EE00ED2B76 /* CardDocumentProperties.swift in Sources */,
				D3131324269A1996004BBDBD /* StarRatingView.swift in Sources */,
				D33145792662926C00B4687F /* DocumentPickerView.swift in Sources */,
				D37C888026B79E7E00EC30C8 /* PromptStatistics.swift in Sources */,
				D3C0B5DC2650247900A33CCA /* QuotesViewController.swift in Sources */,
				D37E6D38228DBC88006CD0FA /* CommonCrypto+Swift.swift in Sources */,
				D35C8B93259AF6F000A92CEB /* UIViewController+NavigationController.swift in Sources */,
				D369182726BAD10A001EB512 /* Version+NoteModels.swift in Sources */,
				D35DB41525D3748A00F558D8 /* Data+Image.swift in Sources */,
				D32215F326C41379000BA772 /* NoteDatabase+ImageStorage.swift in Sources */,
				D31AFAB9229D61EE00ED2B76 /* ClosedRange+SwiftFlash.swift in Sources */,
				D377818325DC0ADD004DD38F /* WebScrapingViewController.swift in Sources */,
				D3E9B57C2564F92800E47375 /* StringProtocol+MiniMarkdown.swift in Sources */,
				D31AFACA229D61EE00ED2B76 /* ClozePrompt.swift in Sources */,
				D35EF05926876A2700F39E8E /* Book+Markdown.swift in Sources */,
				D32A7A5B25A0B7B800950684 /* StringProtocol+Hashtag.swift in Sources */,
				D3C5D26A214B1A7A0055F6B5 /* KeyboardInfo.swift in Sources */,
				D33F647922999138008C3A92 /* String+ParsingHelpers.swift in Sources */,
				D31AFAB7229D61EE00ED2B76 /* Prompt.swift in Sources */,
				D30BD4FC22A0B8C2007E1F31 /* Optional+Collection.swift in Sources */,
				D3D21876253A0BEE001DD2A3 /* NotebookStructureViewController.swift in Sources */,
				D32A03B523007114002D17E7 /* DateComponentsFormatter+Document.swift in Sources */,
				D311787E25ACA14500E473FD /* DocumentBrowserViewController.swift in Sources */,
				D375D33C20ED9BEC00EAB4F0 /* DocumentListViewController.swift in Sources */,
				D369182926BAD1E9001EB512 /* NoteDatabaseKey.swift in Sources */,
				D37C887A26B5C9E900EC30C8 /* NoteDatabase.swift in Sources */,
				D31AFABD229D61EE00ED2B76 /* LoadingViewController.swift in Sources */,
				D36ECC962426ED4D0028D808 /* CGVector+Extensions.swift in Sources */,
				D31AFAAE229D61EE00ED2B76 /* PromptView.swift in Sources */,
				D31AFAD3229D61EE00ED2B76 /* NSAttributedString+ChapterAndVerse.swift in Sources */,
				D3FBC62E241D4DF6005DA8C2 /* SemanticColor.swift in Sources */,
				D304D3EB25BC8A6100178590 /* PredefinedFolder.swift in Sources */,
				D3558D7725D9741100746600 /* ImageCache.swift in Sources */,
				D3E98EFC21D2F725008445DA /* ICloudFileMetadataProvider.swift in Sources */,
				D3558D7525D87F3000746600 /* BookSearchViewController.swift in Sources */,
				D31AFAAD229D61EE00ED2B76 /* UIStackView+SetArrangedSubviews.swift in Sources */,
				D38862B423BB94FA00A44F1C /* Note.swift in Sources */,
				D3331C8722F4EF11002B62AF /* StringProtocol+FuzzyMatch.swift in Sources */,
				D3A99ED422EDDCA7000D6DE2 /* DocumentTableController.swift in Sources */,
				D362CC2F25431C6E00462683 /* NotebookViewController.swift in Sources */,
				D369182526BAD0E9001EB512 /* JSONEncoders.swift in Sources */,
				D59349FA21B1F0F50013A0C3 /* FileMetadataProvider.swift in Sources */,
				D37C887526B5C72600EC30C8 /* BookAndImage.swift in Sources */,
				D3131326269A2AD7004BBDBD /* BookView.swift in Sources */,
				D331457726628EA000B4687F /* ImportForm.swift in Sources */,
				D31AFACF229D61EE00ED2B76 /* MetadataQuery.swift in Sources */,
				D32215F126C41215000BA772 /* Sequence+DictionaryExtensions.swift in Sources */,
				D31A02B82676A33D00A60525 /* ParsedAttributedString+PlainText.swift in Sources */,
				D377818525DC2BCE004DD38F /* WebImporterConfiguration.swift in Sources */,
				D31AFAD8229D61EE00ED2B76 /* TwoSidedCardView.swift in Sources */,
				D3E9B5842564FA2200E47375 /* Character+MiniMarkdown.swift in Sources */,
				D3558D7A25DA130900746600 /* ApiKey.swift in Sources */,
				D31AFAD5229D61EE00ED2B76 /* StudySession.swift in Sources */,
				D31AFABB229D61EE00ED2B76 /* StudyViewController.swift in Sources */,
				D31AFAD0229D61EE00ED2B76 /* ClozePromptCollection.swift in Sources */,
				D3F4EDBE2662F51C001289EC /* BookImporter.swift in Sources */,
				D3A6EFAD20EE500D00AC428D /* FileMetadata.swift in Sources */,
				D35E90C9230C755D00A46B3F /* UIApplication+Environment.swift in Sources */,
				D31AFAD6229D61EE00ED2B76 /* AnswerStatistics.swift in Sources */,
				D3583278267F7443009D8F68 /* GrailDiaryGrammar.swift in Sources */,
				D30B0243229E513C00F3B459 /* StudyLog.swift in Sources */,
				D37C887E26B79E6200EC30C8 /* PromptCollectionInfo.swift in Sources */,
			);
			runOnlyForDeploymentPostprocessing = 0;
		};
		D3DC5ED120EC9B0200F0B74B /* Sources */ = {
			isa = PBXSourcesBuildPhase;
			buildActionMask = 2147483647;
			files = (
				D339C70021EB940900924178 /* QuoteTemplateTests.swift in Sources */,
				D3C5C7DE232E871F00A8BEDF /* QuestionAndAnswerTests.swift in Sources */,
				D374AB56229380E500F54561 /* TemporaryFile.swift in Sources */,
				D3AD01CC23BE7703004BB7DF /* NoteSqliteStorageTests.swift in Sources */,
				D35D72B823F8CC2300BD23DD /* NoteSqliteStorageMergeTests.swift in Sources */,
				D541A9A021B0C07C0048182A /* FileMetadataTests.swift in Sources */,
				D32A7A6025A0B99900950684 /* StringProtocol+HashtagTests.swift in Sources */,
				D32A7A7025A0CF1100950684 /* Note+RenameTests.swift in Sources */,
				D3446D4023FAF20400BC269A /* Note+TestContent.swift in Sources */,
				D31AFAEF229D620B00ED2B76 /* ClozeTests.swift in Sources */,
				D32A7A7525A0CF8200950684 /* NoteSqliteStorageTestBase.swift in Sources */,
				D3E8069F267FED4F009AA588 /* SummaryTests.swift in Sources */,
				D31AFAEB229D620B00ED2B76 /* String+TypographyTests.swift in Sources */,
			);
			runOnlyForDeploymentPostprocessing = 0;
		};
		D3E98EFF21D470B2008445DA /* Sources */ = {
			isa = PBXSourcesBuildPhase;
			buildActionMask = 2147483647;
			files = (
				D3E98F0621D470B2008445DA /* CommonplaceBookAppUITests.swift in Sources */,
			);
			runOnlyForDeploymentPostprocessing = 0;
		};
/* End PBXSourcesBuildPhase section */

/* Begin PBXTargetDependency section */
		D35C8BBF259E4BF200A92CEB /* PBXTargetDependency */ = {
			isa = PBXTargetDependency;
			target = D35C8BB5259E4BF200A92CEB /* SaveToGrailDiary */;
			targetProxy = D35C8BBE259E4BF200A92CEB /* PBXContainerItemProxy */;
		};
		D3DC5ED720EC9B0200F0B74B /* PBXTargetDependency */ = {
			isa = PBXTargetDependency;
			target = D3DC5EBE20EC9B0100F0B74B /* GrailDiary */;
			targetProxy = D3DC5ED620EC9B0200F0B74B /* PBXContainerItemProxy */;
		};
		D3E98F0921D470B2008445DA /* PBXTargetDependency */ = {
			isa = PBXTargetDependency;
			target = D3DC5EBE20EC9B0100F0B74B /* GrailDiary */;
			targetProxy = D3E98F0821D470B2008445DA /* PBXContainerItemProxy */;
		};
/* End PBXTargetDependency section */

/* Begin PBXVariantGroup section */
		D35C8BBA259E4BF200A92CEB /* MainInterface.storyboard */ = {
			isa = PBXVariantGroup;
			children = (
				D35C8BBB259E4BF200A92CEB /* Base */,
			);
			name = MainInterface.storyboard;
			sourceTree = "<group>";
		};
		D3DC5ECD20EC9B0200F0B74B /* LaunchScreen.storyboard */ = {
			isa = PBXVariantGroup;
			children = (
				D3DC5ECE20EC9B0200F0B74B /* Base */,
			);
			name = LaunchScreen.storyboard;
			sourceTree = "<group>";
		};
/* End PBXVariantGroup section */

/* Begin XCBuildConfiguration section */
		D35C8BC3259E4BF200A92CEB /* Debug */ = {
			isa = XCBuildConfiguration;
			buildSettings = {
				CODE_SIGN_ENTITLEMENTS = SaveToGrailDiary/SaveToGrailDiary.entitlements;
				CODE_SIGN_STYLE = Automatic;
				CURRENT_PROJECT_VERSION = 80;
				DEBUG_INFORMATION_FORMAT = dwarf;
				DEVELOPMENT_TEAM = K2UU8WDD8H;
				INFOPLIST_FILE = SaveToGrailDiary/Info.plist;
				IPHONEOS_DEPLOYMENT_TARGET = 14.0;
				LD_RUNPATH_SEARCH_PATHS = (
					"$(inherited)",
					"@executable_path/Frameworks",
					"@executable_path/../../Frameworks",
				);
				MARKETING_VERSION = 0.51.0;
				MTL_FAST_MATH = YES;
				PRODUCT_BUNDLE_IDENTIFIER = "org.brians-brain.CommonplaceBookApp.SaveToGrailDiary";
				PRODUCT_NAME = "$(TARGET_NAME)";
				SKIP_INSTALL = YES;
				SUPPORTS_MACCATALYST = NO;
				SWIFT_VERSION = 5.0;
				TARGETED_DEVICE_FAMILY = "1,2";
			};
			name = Debug;
		};
		D35C8BC4259E4BF200A92CEB /* Release */ = {
			isa = XCBuildConfiguration;
			buildSettings = {
				CODE_SIGN_ENTITLEMENTS = SaveToGrailDiary/SaveToGrailDiary.entitlements;
				CODE_SIGN_STYLE = Automatic;
				CURRENT_PROJECT_VERSION = 80;
				DEVELOPMENT_TEAM = K2UU8WDD8H;
				INFOPLIST_FILE = SaveToGrailDiary/Info.plist;
				IPHONEOS_DEPLOYMENT_TARGET = 14.0;
				LD_RUNPATH_SEARCH_PATHS = (
					"$(inherited)",
					"@executable_path/Frameworks",
					"@executable_path/../../Frameworks",
				);
				MARKETING_VERSION = 0.51.0;
				MTL_FAST_MATH = YES;
				PRODUCT_BUNDLE_IDENTIFIER = "org.brians-brain.CommonplaceBookApp.SaveToGrailDiary";
				PRODUCT_NAME = "$(TARGET_NAME)";
				SKIP_INSTALL = YES;
				SUPPORTS_MACCATALYST = NO;
				SWIFT_VERSION = 5.0;
				TARGETED_DEVICE_FAMILY = "1,2";
			};
			name = Release;
		};
		D3DC5EDC20EC9B0200F0B74B /* Debug */ = {
			isa = XCBuildConfiguration;
			baseConfigurationReference = D3558D7825D9AFB700746600 /* Api.xcconfig */;
			buildSettings = {
				ALWAYS_SEARCH_USER_PATHS = NO;
				CLANG_ANALYZER_NONNULL = YES;
				CLANG_ANALYZER_NUMBER_OBJECT_CONVERSION = YES_AGGRESSIVE;
				CLANG_CXX_LANGUAGE_STANDARD = "gnu++14";
				CLANG_CXX_LIBRARY = "libc++";
				CLANG_ENABLE_MODULES = YES;
				CLANG_ENABLE_OBJC_ARC = YES;
				CLANG_ENABLE_OBJC_WEAK = YES;
				CLANG_WARN_BLOCK_CAPTURE_AUTORELEASING = YES;
				CLANG_WARN_BOOL_CONVERSION = YES;
				CLANG_WARN_COMMA = YES;
				CLANG_WARN_CONSTANT_CONVERSION = YES;
				CLANG_WARN_DEPRECATED_OBJC_IMPLEMENTATIONS = YES;
				CLANG_WARN_DIRECT_OBJC_ISA_USAGE = YES_ERROR;
				CLANG_WARN_DOCUMENTATION_COMMENTS = YES;
				CLANG_WARN_EMPTY_BODY = YES;
				CLANG_WARN_ENUM_CONVERSION = YES;
				CLANG_WARN_INFINITE_RECURSION = YES;
				CLANG_WARN_INT_CONVERSION = YES;
				CLANG_WARN_NON_LITERAL_NULL_CONVERSION = YES;
				CLANG_WARN_OBJC_IMPLICIT_RETAIN_SELF = YES;
				CLANG_WARN_OBJC_LITERAL_CONVERSION = YES;
				CLANG_WARN_OBJC_ROOT_CLASS = YES_ERROR;
				CLANG_WARN_QUOTED_INCLUDE_IN_FRAMEWORK_HEADER = YES;
				CLANG_WARN_RANGE_LOOP_ANALYSIS = YES;
				CLANG_WARN_STRICT_PROTOTYPES = YES;
				CLANG_WARN_SUSPICIOUS_MOVE = YES;
				CLANG_WARN_UNGUARDED_AVAILABILITY = YES_AGGRESSIVE;
				CLANG_WARN_UNREACHABLE_CODE = YES;
				CLANG_WARN__DUPLICATE_METHOD_MATCH = YES;
				CODE_SIGN_IDENTITY = "iPhone Developer";
				COPY_PHASE_STRIP = NO;
				DEBUG_INFORMATION_FORMAT = "dwarf-with-dsym";
				ENABLE_STRICT_OBJC_MSGSEND = YES;
				ENABLE_TESTABILITY = YES;
				GCC_C_LANGUAGE_STANDARD = gnu11;
				GCC_DYNAMIC_NO_PIC = NO;
				GCC_NO_COMMON_BLOCKS = YES;
				GCC_OPTIMIZATION_LEVEL = 0;
				GCC_PREPROCESSOR_DEFINITIONS = (
					"DEBUG=1",
					"$(inherited)",
				);
				GCC_WARN_64_TO_32_BIT_CONVERSION = YES;
				GCC_WARN_ABOUT_RETURN_TYPE = YES_ERROR;
				GCC_WARN_UNDECLARED_SELECTOR = YES;
				GCC_WARN_UNINITIALIZED_AUTOS = YES_AGGRESSIVE;
				GCC_WARN_UNUSED_FUNCTION = YES;
				GCC_WARN_UNUSED_VARIABLE = YES;
				IPHONEOS_DEPLOYMENT_TARGET = 14.0;
				MTL_ENABLE_DEBUG_INFO = INCLUDE_SOURCE;
				ONLY_ACTIVE_ARCH = YES;
				SDKROOT = iphoneos;
				SWIFT_ACTIVE_COMPILATION_CONDITIONS = DEBUG;
				SWIFT_OPTIMIZATION_LEVEL = "-Onone";
				SWIFT_VERSION = 5.0;
			};
			name = Debug;
		};
		D3DC5EDD20EC9B0200F0B74B /* Release */ = {
			isa = XCBuildConfiguration;
			baseConfigurationReference = D3558D7825D9AFB700746600 /* Api.xcconfig */;
			buildSettings = {
				ALWAYS_SEARCH_USER_PATHS = NO;
				CLANG_ANALYZER_NONNULL = YES;
				CLANG_ANALYZER_NUMBER_OBJECT_CONVERSION = YES_AGGRESSIVE;
				CLANG_CXX_LANGUAGE_STANDARD = "gnu++14";
				CLANG_CXX_LIBRARY = "libc++";
				CLANG_ENABLE_MODULES = YES;
				CLANG_ENABLE_OBJC_ARC = YES;
				CLANG_ENABLE_OBJC_WEAK = YES;
				CLANG_WARN_BLOCK_CAPTURE_AUTORELEASING = YES;
				CLANG_WARN_BOOL_CONVERSION = YES;
				CLANG_WARN_COMMA = YES;
				CLANG_WARN_CONSTANT_CONVERSION = YES;
				CLANG_WARN_DEPRECATED_OBJC_IMPLEMENTATIONS = YES;
				CLANG_WARN_DIRECT_OBJC_ISA_USAGE = YES_ERROR;
				CLANG_WARN_DOCUMENTATION_COMMENTS = YES;
				CLANG_WARN_EMPTY_BODY = YES;
				CLANG_WARN_ENUM_CONVERSION = YES;
				CLANG_WARN_INFINITE_RECURSION = YES;
				CLANG_WARN_INT_CONVERSION = YES;
				CLANG_WARN_NON_LITERAL_NULL_CONVERSION = YES;
				CLANG_WARN_OBJC_IMPLICIT_RETAIN_SELF = YES;
				CLANG_WARN_OBJC_LITERAL_CONVERSION = YES;
				CLANG_WARN_OBJC_ROOT_CLASS = YES_ERROR;
				CLANG_WARN_QUOTED_INCLUDE_IN_FRAMEWORK_HEADER = YES;
				CLANG_WARN_RANGE_LOOP_ANALYSIS = YES;
				CLANG_WARN_STRICT_PROTOTYPES = YES;
				CLANG_WARN_SUSPICIOUS_MOVE = YES;
				CLANG_WARN_UNGUARDED_AVAILABILITY = YES_AGGRESSIVE;
				CLANG_WARN_UNREACHABLE_CODE = YES;
				CLANG_WARN__DUPLICATE_METHOD_MATCH = YES;
				CODE_SIGN_IDENTITY = "iPhone Developer";
				COPY_PHASE_STRIP = NO;
				DEBUG_INFORMATION_FORMAT = "dwarf-with-dsym";
				ENABLE_NS_ASSERTIONS = NO;
				ENABLE_STRICT_OBJC_MSGSEND = YES;
				GCC_C_LANGUAGE_STANDARD = gnu11;
				GCC_NO_COMMON_BLOCKS = YES;
				GCC_WARN_64_TO_32_BIT_CONVERSION = YES;
				GCC_WARN_ABOUT_RETURN_TYPE = YES_ERROR;
				GCC_WARN_UNDECLARED_SELECTOR = YES;
				GCC_WARN_UNINITIALIZED_AUTOS = YES_AGGRESSIVE;
				GCC_WARN_UNUSED_FUNCTION = YES;
				GCC_WARN_UNUSED_VARIABLE = YES;
				IPHONEOS_DEPLOYMENT_TARGET = 14.0;
				MTL_ENABLE_DEBUG_INFO = NO;
				SDKROOT = iphoneos;
				SWIFT_COMPILATION_MODE = wholemodule;
				SWIFT_OPTIMIZATION_LEVEL = "-O";
				SWIFT_VERSION = 5.0;
				VALIDATE_PRODUCT = YES;
			};
			name = Release;
		};
		D3DC5EDF20EC9B0200F0B74B /* Debug */ = {
			isa = XCBuildConfiguration;
			buildSettings = {
				ALWAYS_EMBED_SWIFT_STANDARD_LIBRARIES = NO;
				ASSETCATALOG_COMPILER_APPICON_NAME = AppIcon;
				CLANG_ENABLE_MODULES = YES;
				CODE_SIGN_ENTITLEMENTS = GrailDiary/CommonplaceBookApp.entitlements;
				CODE_SIGN_STYLE = Automatic;
				CURRENT_PROJECT_VERSION = 80;
				DEAD_CODE_STRIPPING = NO;
				DEVELOPMENT_TEAM = K2UU8WDD8H;
				INFOPLIST_FILE = "$(SRCROOT)/GrailDiary/Info.plist";
				IPHONEOS_DEPLOYMENT_TARGET = 14.0;
				LD_RUNPATH_SEARCH_PATHS = (
					"$(inherited)",
					"@executable_path/Frameworks",
				);
				MARKETING_VERSION = 0.51.0;
				PRODUCT_BUNDLE_IDENTIFIER = "org.brians-brain.CommonplaceBookApp";
				PRODUCT_NAME = "$(TARGET_NAME)";
				SUPPORTS_MACCATALYST = NO;
				SWIFT_OPTIMIZATION_LEVEL = "-Onone";
				SWIFT_VERSION = 5.0;
				TARGETED_DEVICE_FAMILY = "1,2";
			};
			name = Debug;
		};
		D3DC5EE020EC9B0200F0B74B /* Release */ = {
			isa = XCBuildConfiguration;
			buildSettings = {
				ALWAYS_EMBED_SWIFT_STANDARD_LIBRARIES = NO;
				ASSETCATALOG_COMPILER_APPICON_NAME = AppIcon;
				CLANG_ENABLE_MODULES = YES;
				CODE_SIGN_ENTITLEMENTS = GrailDiary/CommonplaceBookApp.entitlements;
				CODE_SIGN_STYLE = Automatic;
				CURRENT_PROJECT_VERSION = 80;
				DEAD_CODE_STRIPPING = NO;
				DEVELOPMENT_TEAM = K2UU8WDD8H;
				INFOPLIST_FILE = "$(SRCROOT)/GrailDiary/Info.plist";
				IPHONEOS_DEPLOYMENT_TARGET = 14.0;
				LD_RUNPATH_SEARCH_PATHS = (
					"$(inherited)",
					"@executable_path/Frameworks",
				);
				MARKETING_VERSION = 0.51.0;
				PRODUCT_BUNDLE_IDENTIFIER = "org.brians-brain.CommonplaceBookApp";
				PRODUCT_NAME = "$(TARGET_NAME)";
				SUPPORTS_MACCATALYST = NO;
				SWIFT_OPTIMIZATION_LEVEL = "-O";
				SWIFT_VERSION = 5.0;
				TARGETED_DEVICE_FAMILY = "1,2";
			};
			name = Release;
		};
		D3DC5EE220EC9B0200F0B74B /* Debug */ = {
			isa = XCBuildConfiguration;
			buildSettings = {
				ALWAYS_EMBED_SWIFT_STANDARD_LIBRARIES = YES;
				BUNDLE_LOADER = "$(TEST_HOST)";
				CLANG_ENABLE_MODULES = YES;
				CODE_SIGN_STYLE = Automatic;
				DEVELOPMENT_TEAM = K2UU8WDD8H;
				INFOPLIST_FILE = GrailDiaryTests/Info.plist;
				IPHONEOS_DEPLOYMENT_TARGET = 14.0;
				LD_RUNPATH_SEARCH_PATHS = (
					"$(inherited)",
					"@executable_path/Frameworks",
					"@loader_path/Frameworks",
				);
				PRODUCT_BUNDLE_IDENTIFIER = "org.brians-brain.CommonplaceBookAppTests";
				PRODUCT_NAME = "$(TARGET_NAME)";
				SWIFT_OBJC_BRIDGING_HEADER = "";
				SWIFT_OPTIMIZATION_LEVEL = "-Onone";
				SWIFT_VERSION = 4.2;
				TARGETED_DEVICE_FAMILY = "1,2";
				TEST_HOST = "$(BUILT_PRODUCTS_DIR)/GrailDiary.app/GrailDiary";
			};
			name = Debug;
		};
		D3DC5EE320EC9B0200F0B74B /* Release */ = {
			isa = XCBuildConfiguration;
			buildSettings = {
				ALWAYS_EMBED_SWIFT_STANDARD_LIBRARIES = YES;
				BUNDLE_LOADER = "$(TEST_HOST)";
				CLANG_ENABLE_MODULES = YES;
				CODE_SIGN_STYLE = Automatic;
				DEVELOPMENT_TEAM = K2UU8WDD8H;
				INFOPLIST_FILE = GrailDiaryTests/Info.plist;
				IPHONEOS_DEPLOYMENT_TARGET = 14.0;
				LD_RUNPATH_SEARCH_PATHS = (
					"$(inherited)",
					"@executable_path/Frameworks",
					"@loader_path/Frameworks",
				);
				PRODUCT_BUNDLE_IDENTIFIER = "org.brians-brain.CommonplaceBookAppTests";
				PRODUCT_NAME = "$(TARGET_NAME)";
				SWIFT_OBJC_BRIDGING_HEADER = "";
				SWIFT_VERSION = 4.2;
				TARGETED_DEVICE_FAMILY = "1,2";
				TEST_HOST = "$(BUILT_PRODUCTS_DIR)/GrailDiary.app/GrailDiary";
			};
			name = Release;
		};
		D3E98F0B21D470B2008445DA /* Debug */ = {
			isa = XCBuildConfiguration;
			buildSettings = {
				CODE_SIGN_STYLE = Automatic;
				DEVELOPMENT_TEAM = K2UU8WDD8H;
				INFOPLIST_FILE = GrailDiaryUITests/Info.plist;
				IPHONEOS_DEPLOYMENT_TARGET = 12.1;
				LD_RUNPATH_SEARCH_PATHS = (
					"$(inherited)",
					"@executable_path/Frameworks",
					"@loader_path/Frameworks",
				);
				MTL_FAST_MATH = YES;
				PRODUCT_BUNDLE_IDENTIFIER = "org.brians-brain.CommonplaceBookAppUITests";
				PRODUCT_NAME = "$(TARGET_NAME)";
				PROVISIONING_PROFILE = "";
				SWIFT_VERSION = 4.2;
				TARGETED_DEVICE_FAMILY = "1,2";
				TEST_TARGET_NAME = GrailDiary;
			};
			name = Debug;
		};
		D3E98F0C21D470B2008445DA /* Release */ = {
			isa = XCBuildConfiguration;
			buildSettings = {
				CODE_SIGN_STYLE = Automatic;
				DEVELOPMENT_TEAM = K2UU8WDD8H;
				INFOPLIST_FILE = GrailDiaryUITests/Info.plist;
				IPHONEOS_DEPLOYMENT_TARGET = 12.1;
				LD_RUNPATH_SEARCH_PATHS = (
					"$(inherited)",
					"@executable_path/Frameworks",
					"@loader_path/Frameworks",
				);
				MTL_FAST_MATH = YES;
				PRODUCT_BUNDLE_IDENTIFIER = "org.brians-brain.CommonplaceBookAppUITests";
				PRODUCT_NAME = "$(TARGET_NAME)";
				PROVISIONING_PROFILE = "";
				SWIFT_VERSION = 4.2;
				TARGETED_DEVICE_FAMILY = "1,2";
				TEST_TARGET_NAME = GrailDiary;
			};
			name = Release;
		};
/* End XCBuildConfiguration section */

/* Begin XCConfigurationList section */
		D35C8BC5259E4BF200A92CEB /* Build configuration list for PBXNativeTarget "SaveToGrailDiary" */ = {
			isa = XCConfigurationList;
			buildConfigurations = (
				D35C8BC3259E4BF200A92CEB /* Debug */,
				D35C8BC4259E4BF200A92CEB /* Release */,
			);
			defaultConfigurationIsVisible = 0;
			defaultConfigurationName = Release;
		};
		D3DC5EBA20EC9B0100F0B74B /* Build configuration list for PBXProject "GrailDiary" */ = {
			isa = XCConfigurationList;
			buildConfigurations = (
				D3DC5EDC20EC9B0200F0B74B /* Debug */,
				D3DC5EDD20EC9B0200F0B74B /* Release */,
			);
			defaultConfigurationIsVisible = 0;
			defaultConfigurationName = Release;
		};
		D3DC5EDE20EC9B0200F0B74B /* Build configuration list for PBXNativeTarget "GrailDiary" */ = {
			isa = XCConfigurationList;
			buildConfigurations = (
				D3DC5EDF20EC9B0200F0B74B /* Debug */,
				D3DC5EE020EC9B0200F0B74B /* Release */,
			);
			defaultConfigurationIsVisible = 0;
			defaultConfigurationName = Release;
		};
		D3DC5EE120EC9B0200F0B74B /* Build configuration list for PBXNativeTarget "CommonplaceBookAppTests" */ = {
			isa = XCConfigurationList;
			buildConfigurations = (
				D3DC5EE220EC9B0200F0B74B /* Debug */,
				D3DC5EE320EC9B0200F0B74B /* Release */,
			);
			defaultConfigurationIsVisible = 0;
			defaultConfigurationName = Release;
		};
		D3E98F0A21D470B2008445DA /* Build configuration list for PBXNativeTarget "CommonplaceBookAppUITests" */ = {
			isa = XCConfigurationList;
			buildConfigurations = (
				D3E98F0B21D470B2008445DA /* Debug */,
				D3E98F0C21D470B2008445DA /* Release */,
			);
			defaultConfigurationIsVisible = 0;
			defaultConfigurationName = Release;
		};
/* End XCConfigurationList section */

/* Begin XCRemoteSwiftPackageReference section */
		D32215EB26C40585000BA772 /* XCRemoteSwiftPackageReference "CodableCSV" */ = {
			isa = XCRemoteSwiftPackageReference;
			repositoryURL = "https://github.com/bdewey/CodableCSV";
			requirement = {
				branch = xcode13;
				kind = branch;
			};
		};
		D358CC402688DC6D00C991DB /* XCRemoteSwiftPackageReference "BookKit" */ = {
			isa = XCRemoteSwiftPackageReference;
			repositoryURL = "https://github.com/bdewey/BookKit";
			requirement = {
				branch = xcode13;
				kind = branch;
			};
		};
		D369182A26BDDFC6001EB512 /* XCRemoteSwiftPackageReference "KeyValueCRDT" */ = {
			isa = XCRemoteSwiftPackageReference;
			repositoryURL = "https://github.com/bdewey/KeyValueCRDT";
			requirement = {
				branch = main;
				kind = branch;
			};
		};
		D37B0DB723CD476C00F01D29 /* XCRemoteSwiftPackageReference "SpacedRepetitionScheduler" */ = {
			isa = XCRemoteSwiftPackageReference;
			repositoryURL = "https://github.com/bdewey/SpacedRepetitionScheduler.git";
			requirement = {
				branch = xcode13;
				kind = branch;
			};
		};
		D3D867B7259F9FB8008254DF /* XCRemoteSwiftPackageReference "swift-log-file" */ = {
			isa = XCRemoteSwiftPackageReference;
			repositoryURL = "https://github.com/crspybits/swift-log-file";
			requirement = {
				kind = upToNextMajorVersion;
				minimumVersion = 0.0.1;
			};
		};
		D3DA1B852569E8AB009DC866 /* XCRemoteSwiftPackageReference "SnapKit" */ = {
			isa = XCRemoteSwiftPackageReference;
			repositoryURL = "https://github.com/SnapKit/SnapKit";
			requirement = {
				kind = upToNextMajorVersion;
				minimumVersion = 5.0.1;
			};
		};
		D3E806A0267FF900009AA588 /* XCRemoteSwiftPackageReference "TextMarkupKit" */ = {
			isa = XCRemoteSwiftPackageReference;
			repositoryURL = "https://github.com/bdewey/TextMarkupKit";
			requirement = {
				kind = upToNextMajorVersion;
				minimumVersion = 0.7.2;
			};
		};
		D3E9B5932564FD4900E47375 /* XCRemoteSwiftPackageReference "swift-log" */ = {
			isa = XCRemoteSwiftPackageReference;
			repositoryURL = "https://github.com/apple/swift-log";
			requirement = {
				kind = upToNextMajorVersion;
				minimumVersion = 1.4.0;
			};
		};
/* End XCRemoteSwiftPackageReference section */

/* Begin XCSwiftPackageProductDependency section */
		D32215EC26C40585000BA772 /* CodableCSV */ = {
			isa = XCSwiftPackageProductDependency;
			package = D32215EB26C40585000BA772 /* XCRemoteSwiftPackageReference "CodableCSV" */;
			productName = CodableCSV;
		};
		D358CC412688DC6D00C991DB /* BookKit */ = {
			isa = XCSwiftPackageProductDependency;
			package = D358CC402688DC6D00C991DB /* XCRemoteSwiftPackageReference "BookKit" */;
			productName = BookKit;
		};
		D37B0DB823CD476D00F01D29 /* SpacedRepetitionScheduler */ = {
			isa = XCSwiftPackageProductDependency;
			package = D37B0DB723CD476C00F01D29 /* XCRemoteSwiftPackageReference "SpacedRepetitionScheduler" */;
			productName = SpacedRepetitionScheduler;
		};
		D37FF2B626BDE2A500E06747 /* KeyValueCRDT */ = {
			isa = XCSwiftPackageProductDependency;
			package = D369182A26BDDFC6001EB512 /* XCRemoteSwiftPackageReference "KeyValueCRDT" */;
			productName = KeyValueCRDT;
		};
		D3D867B2259EA262008254DF /* Logging */ = {
			isa = XCSwiftPackageProductDependency;
			package = D3E9B5932564FD4900E47375 /* XCRemoteSwiftPackageReference "swift-log" */;
			productName = Logging;
		};
		D3D867B8259F9FB8008254DF /* FileLogging */ = {
			isa = XCSwiftPackageProductDependency;
			package = D3D867B7259F9FB8008254DF /* XCRemoteSwiftPackageReference "swift-log-file" */;
			productName = FileLogging;
		};
		D3DA1B862569E8AB009DC866 /* SnapKit */ = {
			isa = XCSwiftPackageProductDependency;
			package = D3DA1B852569E8AB009DC866 /* XCRemoteSwiftPackageReference "SnapKit" */;
			productName = SnapKit;
		};
		D3E806A1267FF900009AA588 /* TextMarkupKit */ = {
			isa = XCSwiftPackageProductDependency;
			package = D3E806A0267FF900009AA588 /* XCRemoteSwiftPackageReference "TextMarkupKit" */;
			productName = TextMarkupKit;
		};
		D3E9B5942564FD4900E47375 /* Logging */ = {
			isa = XCSwiftPackageProductDependency;
			package = D3E9B5932564FD4900E47375 /* XCRemoteSwiftPackageReference "swift-log" */;
			productName = Logging;
		};
/* End XCSwiftPackageProductDependency section */
	};
	rootObject = D3DC5EB720EC9B0100F0B74B /* Project object */;
}
