{
  "object": {
    "pins": [
      {
        "package": "CombineExpectations",
        "repositoryURL": "https://github.com/groue/CombineExpectations.git",
        "state": {
          "branch": null,
          "revision": "40d564be8decfc9a3e8acfec56a42dd845e5c420",
          "version": "0.3.0"
        }
      },
      {
        "package": "GRDB",
        "repositoryURL": "https://github.com/bdewey/GRDB.swift",
        "state": {
          "branch": null,
          "revision": "60cbab525e262db3399c372cb5086c2b28e90c02",
          "version": "4.8.1"
        }
      },
      {
        "package": "GRDBCombine",
        "repositoryURL": "https://github.com/groue/GRDBCombine.git",
        "state": {
          "branch": null,
          "revision": "c155a5738448490832c068427b5eec2e4b5f65e3",
          "version": "0.7.1"
        }
      },
      {
        "package": "MiniMarkdown",
        "repositoryURL": "https://github.com/bdewey/MiniMarkdown.git",
        "state": {
          "branch": null,
          "revision": "3d14c7489975d40bcf4b089025dacfb86694164a",
          "version": "0.15.0"
        }
      },
      {
        "package": "swift-log",
        "repositoryURL": "https://github.com/apple/swift-log.git",
        "state": {
          "branch": null,
          "revision": "74d7b91ceebc85daf387ebb206003f78813f71aa",
          "version": "1.2.0"
        }
      }
    ]
  },
  "version": 1
}
