{
  "object": {
    "pins": [
      {
        "package": "MiniMarkdown",
        "repositoryURL": "https://github.com/bdewey/MiniMarkdown.git",
        "state": {
          "branch": null,
          "revision": "747ddfa3ab74d7f9efd3a748082b20ead754c6c1",
          "version": "0.14.1"
        }
      },
      {
        "package": "swift-log",
        "repositoryURL": "https://github.com/apple/swift-log.git",
        "state": {
          "branch": null,
          "revision": "e8aabbe95db22e064ad42f1a4a9f8982664c70ed",
          "version": "1.1.1"
        }
      }
    ]
  },
  "version": 1
}
