{
  "object": {
    "pins": [
      {
        "package": "CombineExpectations",
        "repositoryURL": "https://github.com/groue/CombineExpectations.git",
        "state": {
          "branch": null,
          "revision": "40d564be8decfc9a3e8acfec56a42dd845e5c420",
          "version": "0.3.0"
        }
      },
      {
        "package": "GRDB",
        "repositoryURL": "https://github.com/bdewey/GRDB.swift",
        "state": {
          "branch": null,
          "revision": "60cbab525e262db3399c372cb5086c2b28e90c02",
          "version": "4.8.1"
        }
      },
      {
        "package": "GRDBCombine",
        "repositoryURL": "https://github.com/groue/GRDBCombine.git",
        "state": {
          "branch": null,
          "revision": "c155a5738448490832c068427b5eec2e4b5f65e3",
          "version": "0.7.1"
        }
      },
      {
        "package": "SpacedRepetitionScheduler",
        "repositoryURL": "https://github.com/bdewey/SpacedRepetitionScheduler.git",
        "state": {
          "branch": null,
          "revision": "8e9b117b69b8038127b0eb25704e3f121edd7a34",
          "version": "0.1.0"
        }
      },
      {
        "package": "swift-log",
        "repositoryURL": "https://github.com/apple/swift-log",
        "state": {
          "branch": null,
          "revision": "173f567a2dfec11d74588eea82cecea555bdc0bc",
          "version": "1.4.0"
        }
      }
    ]
  },
  "version": 1
}
